// !$*UTF8*$!
{
	archiveVersion = 1;
	classes = {
	};
	objectVersion = 55;
	objects = {

/* Begin PBXBuildFile section */
		5720A5E32700D8EB00C5DE07 /* MultRepoToolApp.swift in Sources */ = {isa = PBXBuildFile; fileRef = 5720A5E22700D8EB00C5DE07 /* MultRepoToolApp.swift */; };
		5720A5E72700D8EC00C5DE07 /* Assets.xcassets in Resources */ = {isa = PBXBuildFile; fileRef = 5720A5E62700D8EC00C5DE07 /* Assets.xcassets */; };
		5720A5EA2700D8EC00C5DE07 /* Preview Assets.xcassets in Resources */ = {isa = PBXBuildFile; fileRef = 5720A5E92700D8EC00C5DE07 /* Preview Assets.xcassets */; };
		5720A5F22700D93300C5DE07 /* MainView.swift in Sources */ = {isa = PBXBuildFile; fileRef = 5720A5F12700D93300C5DE07 /* MainView.swift */; };
		5720A6012700D94A00C5DE07 /* SpecScanner.swift in Sources */ = {isa = PBXBuildFile; fileRef = 5720A5F62700D94A00C5DE07 /* SpecScanner.swift */; };
		5720A6022700D94A00C5DE07 /* Spec.swift in Sources */ = {isa = PBXBuildFile; fileRef = 5720A5F72700D94A00C5DE07 /* Spec.swift */; };
		5720A6032700D94A00C5DE07 /* StepNumberView.swift in Sources */ = {isa = PBXBuildFile; fileRef = 5720A5FA2700D94A00C5DE07 /* StepNumberView.swift */; };
		5720A6042700D94A00C5DE07 /* StepRow.swift in Sources */ = {isa = PBXBuildFile; fileRef = 5720A5FB2700D94A00C5DE07 /* StepRow.swift */; };
		5720A6052700D94A00C5DE07 /* StepView.swift in Sources */ = {isa = PBXBuildFile; fileRef = 5720A5FD2700D94A00C5DE07 /* StepView.swift */; };
		5720A6062700D94A00C5DE07 /* RepoRow.swift in Sources */ = {isa = PBXBuildFile; fileRef = 5720A5FF2700D94A00C5DE07 /* RepoRow.swift */; };
		5720A6072700D94A00C5DE07 /* RepoView.swift in Sources */ = {isa = PBXBuildFile; fileRef = 5720A6002700D94A00C5DE07 /* RepoView.swift */; };
		5720A60B2700D98200C5DE07 /* MultRepoToolConfig.swift in Sources */ = {isa = PBXBuildFile; fileRef = 5720A60A2700D98200C5DE07 /* MultRepoToolConfig.swift */; };
/* End PBXBuildFile section */

/* Begin PBXFileReference section */
		5720A5DF2700D8EB00C5DE07 /* MultRepoTool.app */ = {isa = PBXFileReference; explicitFileType = wrapper.application; includeInIndex = 0; path = MultRepoTool.app; sourceTree = BUILT_PRODUCTS_DIR; };
		5720A5E22700D8EB00C5DE07 /* MultRepoToolApp.swift */ = {isa = PBXFileReference; lastKnownFileType = sourcecode.swift; path = MultRepoToolApp.swift; sourceTree = "<group>"; };
		5720A5E62700D8EC00C5DE07 /* Assets.xcassets */ = {isa = PBXFileReference; lastKnownFileType = folder.assetcatalog; path = Assets.xcassets; sourceTree = "<group>"; };
		5720A5E92700D8EC00C5DE07 /* Preview Assets.xcassets */ = {isa = PBXFileReference; lastKnownFileType = folder.assetcatalog; path = "Preview Assets.xcassets"; sourceTree = "<group>"; };
		5720A5EB2700D8EC00C5DE07 /* MultRepoTool.entitlements */ = {isa = PBXFileReference; lastKnownFileType = text.plist.entitlements; path = MultRepoTool.entitlements; sourceTree = "<group>"; };
		5720A5F12700D93300C5DE07 /* MainView.swift */ = {isa = PBXFileReference; fileEncoding = 4; lastKnownFileType = sourcecode.swift; path = MainView.swift; sourceTree = "<group>"; };
		5720A5F32700D93B00C5DE07 /* MultRepoTool.entitlements */ = {isa = PBXFileReference; lastKnownFileType = text.plist.entitlements; name = MultRepoTool.entitlements; path = MultRepoTool/MultRepoTool.entitlements; sourceTree = "<group>"; };
		5720A5F62700D94A00C5DE07 /* SpecScanner.swift */ = {isa = PBXFileReference; fileEncoding = 4; lastKnownFileType = sourcecode.swift; path = SpecScanner.swift; sourceTree = "<group>"; };
		5720A5F72700D94A00C5DE07 /* Spec.swift */ = {isa = PBXFileReference; fileEncoding = 4; lastKnownFileType = sourcecode.swift; path = Spec.swift; sourceTree = "<group>"; };
		5720A5FA2700D94A00C5DE07 /* StepNumberView.swift */ = {isa = PBXFileReference; fileEncoding = 4; lastKnownFileType = sourcecode.swift; path = StepNumberView.swift; sourceTree = "<group>"; };
		5720A5FB2700D94A00C5DE07 /* StepRow.swift */ = {isa = PBXFileReference; fileEncoding = 4; lastKnownFileType = sourcecode.swift; path = StepRow.swift; sourceTree = "<group>"; };
		5720A5FD2700D94A00C5DE07 /* StepView.swift */ = {isa = PBXFileReference; fileEncoding = 4; lastKnownFileType = sourcecode.swift; path = StepView.swift; sourceTree = "<group>"; };
		5720A5FF2700D94A00C5DE07 /* RepoRow.swift */ = {isa = PBXFileReference; fileEncoding = 4; lastKnownFileType = sourcecode.swift; path = RepoRow.swift; sourceTree = "<group>"; };
		5720A6002700D94A00C5DE07 /* RepoView.swift */ = {isa = PBXFileReference; fileEncoding = 4; lastKnownFileType = sourcecode.swift; path = RepoView.swift; sourceTree = "<group>"; };
		5720A60A2700D98200C5DE07 /* MultRepoToolConfig.swift */ = {isa = PBXFileReference; fileEncoding = 4; lastKnownFileType = sourcecode.swift; path = MultRepoToolConfig.swift; sourceTree = "<group>"; };
/* End PBXFileReference section */

/* Begin PBXFrameworksBuildPhase section */
		5720A5DC2700D8EB00C5DE07 /* Frameworks */ = {
			isa = PBXFrameworksBuildPhase;
			buildActionMask = 2147483647;
			files = (
			);
			runOnlyForDeploymentPostprocessing = 0;
		};
/* End PBXFrameworksBuildPhase section */

/* Begin PBXGroup section */
		5720A5D62700D8EB00C5DE07 = {
			isa = PBXGroup;
			children = (
				5720A5F32700D93B00C5DE07 /* MultRepoTool.entitlements */,
				5720A5E12700D8EB00C5DE07 /* MultRepoTool */,
				5720A5E02700D8EB00C5DE07 /* Products */,
			);
			sourceTree = "<group>";
		};
		5720A5E02700D8EB00C5DE07 /* Products */ = {
			isa = PBXGroup;
			children = (
				5720A5DF2700D8EB00C5DE07 /* MultRepoTool.app */,
			);
			name = Products;
			sourceTree = "<group>";
		};
		5720A5E12700D8EB00C5DE07 /* MultRepoTool */ = {
			isa = PBXGroup;
			children = (
				5720A5F42700D94A00C5DE07 /* WorkFlow */,
				5720A5F12700D93300C5DE07 /* MainView.swift */,
				5720A60A2700D98200C5DE07 /* MultRepoToolConfig.swift */,
				5720A5E22700D8EB00C5DE07 /* MultRepoToolApp.swift */,
				5720A5E62700D8EC00C5DE07 /* Assets.xcassets */,
				5720A5EB2700D8EC00C5DE07 /* MultRepoTool.entitlements */,
				5720A5E82700D8EC00C5DE07 /* Preview Content */,
			);
			path = MultRepoTool;
			sourceTree = "<group>";
		};
		5720A5E82700D8EC00C5DE07 /* Preview Content */ = {
			isa = PBXGroup;
			children = (
				5720A5E92700D8EC00C5DE07 /* Preview Assets.xcassets */,
			);
			path = "Preview Content";
			sourceTree = "<group>";
		};
		5720A5F42700D94A00C5DE07 /* WorkFlow */ = {
			isa = PBXGroup;
			children = (
				5720A5F52700D94A00C5DE07 /* Spec */,
				5720A5F82700D94A00C5DE07 /* StepUI */,
				5720A5FE2700D94A00C5DE07 /* RepoUI */,
			);
			path = WorkFlow;
			sourceTree = "<group>";
		};
		5720A5F52700D94A00C5DE07 /* Spec */ = {
			isa = PBXGroup;
			children = (
				5720A5F62700D94A00C5DE07 /* SpecScanner.swift */,
				5720A5F72700D94A00C5DE07 /* Spec.swift */,
			);
			path = Spec;
			sourceTree = "<group>";
		};
		5720A5F82700D94A00C5DE07 /* StepUI */ = {
			isa = PBXGroup;
			children = (
				5720A5F92700D94A00C5DE07 /* StepRow */,
				5720A5FC2700D94A00C5DE07 /* StepView */,
			);
			path = StepUI;
			sourceTree = "<group>";
		};
		5720A5F92700D94A00C5DE07 /* StepRow */ = {
			isa = PBXGroup;
			children = (
				5720A5FA2700D94A00C5DE07 /* StepNumberView.swift */,
				5720A5FB2700D94A00C5DE07 /* StepRow.swift */,
			);
			path = StepRow;
			sourceTree = "<group>";
		};
		5720A5FC2700D94A00C5DE07 /* StepView */ = {
			isa = PBXGroup;
			children = (
				5720A5FD2700D94A00C5DE07 /* StepView.swift */,
			);
			path = StepView;
			sourceTree = "<group>";
		};
		5720A5FE2700D94A00C5DE07 /* RepoUI */ = {
			isa = PBXGroup;
			children = (
				5720A5FF2700D94A00C5DE07 /* RepoRow.swift */,
				5720A6002700D94A00C5DE07 /* RepoView.swift */,
			);
			path = RepoUI;
			sourceTree = "<group>";
		};
/* End PBXGroup section */

/* Begin PBXNativeTarget section */
		5720A5DE2700D8EB00C5DE07 /* MultRepoTool */ = {
			isa = PBXNativeTarget;
			buildConfigurationList = 5720A5EE2700D8EC00C5DE07 /* Build configuration list for PBXNativeTarget "MultRepoTool" */;
			buildPhases = (
				5720A5DB2700D8EB00C5DE07 /* Sources */,
				5720A5DC2700D8EB00C5DE07 /* Frameworks */,
				5720A5DD2700D8EB00C5DE07 /* Resources */,
			);
			buildRules = (
			);
			dependencies = (
			);
			name = MultRepoTool;
			productName = MultRepoTool;
			productReference = 5720A5DF2700D8EB00C5DE07 /* MultRepoTool.app */;
			productType = "com.apple.product-type.application";
		};
/* End PBXNativeTarget section */

/* Begin PBXProject section */
		5720A5D72700D8EB00C5DE07 /* Project object */ = {
			isa = PBXProject;
			attributes = {
				BuildIndependentTargetsInParallel = 1;
				LastSwiftUpdateCheck = 1300;
				LastUpgradeCheck = 1300;
				TargetAttributes = {
					5720A5DE2700D8EB00C5DE07 = {
						CreatedOnToolsVersion = 13.0;
					};
				};
			};
			buildConfigurationList = 5720A5DA2700D8EB00C5DE07 /* Build configuration list for PBXProject "MultRepoTool" */;
			compatibilityVersion = "Xcode 13.0";
			developmentRegion = en;
			hasScannedForEncodings = 0;
			knownRegions = (
				en,
				Base,
			);
			mainGroup = 5720A5D62700D8EB00C5DE07;
			productRefGroup = 5720A5E02700D8EB00C5DE07 /* Products */;
			projectDirPath = "";
			projectRoot = "";
			targets = (
				5720A5DE2700D8EB00C5DE07 /* MultRepoTool */,
			);
		};
/* End PBXProject section */

/* Begin PBXResourcesBuildPhase section */
		5720A5DD2700D8EB00C5DE07 /* Resources */ = {
			isa = PBXResourcesBuildPhase;
			buildActionMask = 2147483647;
			files = (
				5720A5EA2700D8EC00C5DE07 /* Preview Assets.xcassets in Resources */,
				5720A5E72700D8EC00C5DE07 /* Assets.xcassets in Resources */,
			);
			runOnlyForDeploymentPostprocessing = 0;
		};
/* End PBXResourcesBuildPhase section */

/* Begin PBXSourcesBuildPhase section */
		5720A5DB2700D8EB00C5DE07 /* Sources */ = {
			isa = PBXSourcesBuildPhase;
			buildActionMask = 2147483647;
			files = (
				5720A6022700D94A00C5DE07 /* Spec.swift in Sources */,
				5720A60B2700D98200C5DE07 /* MultRepoToolConfig.swift in Sources */,
				5720A6032700D94A00C5DE07 /* StepNumberView.swift in Sources */,
				5720A6042700D94A00C5DE07 /* StepRow.swift in Sources */,
				5720A5E32700D8EB00C5DE07 /* MultRepoToolApp.swift in Sources */,
				5720A5F22700D93300C5DE07 /* MainView.swift in Sources */,
				5720A6052700D94A00C5DE07 /* StepView.swift in Sources */,
				5720A6062700D94A00C5DE07 /* RepoRow.swift in Sources */,
				5720A6072700D94A00C5DE07 /* RepoView.swift in Sources */,
				5720A6012700D94A00C5DE07 /* SpecScanner.swift in Sources */,
			);
			runOnlyForDeploymentPostprocessing = 0;
		};
/* End PBXSourcesBuildPhase section */

/* Begin XCBuildConfiguration section */
		5720A5EC2700D8EC00C5DE07 /* Debug */ = {
			isa = XCBuildConfiguration;
			buildSettings = {
				ALWAYS_SEARCH_USER_PATHS = NO;
				CLANG_ANALYZER_NONNULL = YES;
				CLANG_ANALYZER_NUMBER_OBJECT_CONVERSION = YES_AGGRESSIVE;
				CLANG_CXX_LANGUAGE_STANDARD = "gnu++17";
				CLANG_CXX_LIBRARY = "libc++";
				CLANG_ENABLE_MODULES = YES;
				CLANG_ENABLE_OBJC_ARC = YES;
				CLANG_ENABLE_OBJC_WEAK = YES;
				CLANG_WARN_BLOCK_CAPTURE_AUTORELEASING = YES;
				CLANG_WARN_BOOL_CONVERSION = YES;
				CLANG_WARN_COMMA = YES;
				CLANG_WARN_CONSTANT_CONVERSION = YES;
				CLANG_WARN_DEPRECATED_OBJC_IMPLEMENTATIONS = YES;
				CLANG_WARN_DIRECT_OBJC_ISA_USAGE = YES_ERROR;
				CLANG_WARN_DOCUMENTATION_COMMENTS = YES;
				CLANG_WARN_EMPTY_BODY = YES;
				CLANG_WARN_ENUM_CONVERSION = YES;
				CLANG_WARN_INFINITE_RECURSION = YES;
				CLANG_WARN_INT_CONVERSION = YES;
				CLANG_WARN_NON_LITERAL_NULL_CONVERSION = YES;
				CLANG_WARN_OBJC_IMPLICIT_RETAIN_SELF = YES;
				CLANG_WARN_OBJC_LITERAL_CONVERSION = YES;
				CLANG_WARN_OBJC_ROOT_CLASS = YES_ERROR;
				CLANG_WARN_QUOTED_INCLUDE_IN_FRAMEWORK_HEADER = YES;
				CLANG_WARN_RANGE_LOOP_ANALYSIS = YES;
				CLANG_WARN_STRICT_PROTOTYPES = YES;
				CLANG_WARN_SUSPICIOUS_MOVE = YES;
				CLANG_WARN_UNGUARDED_AVAILABILITY = YES_AGGRESSIVE;
				CLANG_WARN_UNREACHABLE_CODE = YES;
				CLANG_WARN__DUPLICATE_METHOD_MATCH = YES;
				COPY_PHASE_STRIP = NO;
				DEBUG_INFORMATION_FORMAT = dwarf;
				ENABLE_STRICT_OBJC_MSGSEND = YES;
				ENABLE_TESTABILITY = YES;
				GCC_C_LANGUAGE_STANDARD = gnu11;
				GCC_DYNAMIC_NO_PIC = NO;
				GCC_NO_COMMON_BLOCKS = YES;
				GCC_OPTIMIZATION_LEVEL = 0;
				GCC_PREPROCESSOR_DEFINITIONS = (
					"DEBUG=1",
					"$(inherited)",
				);
				GCC_WARN_64_TO_32_BIT_CONVERSION = YES;
				GCC_WARN_ABOUT_RETURN_TYPE = YES_ERROR;
				GCC_WARN_UNDECLARED_SELECTOR = YES;
				GCC_WARN_UNINITIALIZED_AUTOS = YES_AGGRESSIVE;
				GCC_WARN_UNUSED_FUNCTION = YES;
				GCC_WARN_UNUSED_VARIABLE = YES;
				MACOSX_DEPLOYMENT_TARGET = 11.3;
				MTL_ENABLE_DEBUG_INFO = INCLUDE_SOURCE;
				MTL_FAST_MATH = YES;
				ONLY_ACTIVE_ARCH = YES;
				SDKROOT = macosx;
				SWIFT_ACTIVE_COMPILATION_CONDITIONS = DEBUG;
				SWIFT_OPTIMIZATION_LEVEL = "-Onone";
			};
			name = Debug;
		};
		5720A5ED2700D8EC00C5DE07 /* Release */ = {
			isa = XCBuildConfiguration;
			buildSettings = {
				ALWAYS_SEARCH_USER_PATHS = NO;
				CLANG_ANALYZER_NONNULL = YES;
				CLANG_ANALYZER_NUMBER_OBJECT_CONVERSION = YES_AGGRESSIVE;
				CLANG_CXX_LANGUAGE_STANDARD = "gnu++17";
				CLANG_CXX_LIBRARY = "libc++";
				CLANG_ENABLE_MODULES = YES;
				CLANG_ENABLE_OBJC_ARC = YES;
				CLANG_ENABLE_OBJC_WEAK = YES;
				CLANG_WARN_BLOCK_CAPTURE_AUTORELEASING = YES;
				CLANG_WARN_BOOL_CONVERSION = YES;
				CLANG_WARN_COMMA = YES;
				CLANG_WARN_CONSTANT_CONVERSION = YES;
				CLANG_WARN_DEPRECATED_OBJC_IMPLEMENTATIONS = YES;
				CLANG_WARN_DIRECT_OBJC_ISA_USAGE = YES_ERROR;
				CLANG_WARN_DOCUMENTATION_COMMENTS = YES;
				CLANG_WARN_EMPTY_BODY = YES;
				CLANG_WARN_ENUM_CONVERSION = YES;
				CLANG_WARN_INFINITE_RECURSION = YES;
				CLANG_WARN_INT_CONVERSION = YES;
				CLANG_WARN_NON_LITERAL_NULL_CONVERSION = YES;
				CLANG_WARN_OBJC_IMPLICIT_RETAIN_SELF = YES;
				CLANG_WARN_OBJC_LITERAL_CONVERSION = YES;
				CLANG_WARN_OBJC_ROOT_CLASS = YES_ERROR;
				CLANG_WARN_QUOTED_INCLUDE_IN_FRAMEWORK_HEADER = YES;
				CLANG_WARN_RANGE_LOOP_ANALYSIS = YES;
				CLANG_WARN_STRICT_PROTOTYPES = YES;
				CLANG_WARN_SUSPICIOUS_MOVE = YES;
				CLANG_WARN_UNGUARDED_AVAILABILITY = YES_AGGRESSIVE;
				CLANG_WARN_UNREACHABLE_CODE = YES;
				CLANG_WARN__DUPLICATE_METHOD_MATCH = YES;
				COPY_PHASE_STRIP = NO;
				DEBUG_INFORMATION_FORMAT = "dwarf-with-dsym";
				ENABLE_NS_ASSERTIONS = NO;
				ENABLE_STRICT_OBJC_MSGSEND = YES;
				GCC_C_LANGUAGE_STANDARD = gnu11;
				GCC_NO_COMMON_BLOCKS = YES;
				GCC_WARN_64_TO_32_BIT_CONVERSION = YES;
				GCC_WARN_ABOUT_RETURN_TYPE = YES_ERROR;
				GCC_WARN_UNDECLARED_SELECTOR = YES;
				GCC_WARN_UNINITIALIZED_AUTOS = YES_AGGRESSIVE;
				GCC_WARN_UNUSED_FUNCTION = YES;
				GCC_WARN_UNUSED_VARIABLE = YES;
				MACOSX_DEPLOYMENT_TARGET = 11.3;
				MTL_ENABLE_DEBUG_INFO = NO;
				MTL_FAST_MATH = YES;
				SDKROOT = macosx;
				SWIFT_COMPILATION_MODE = wholemodule;
				SWIFT_OPTIMIZATION_LEVEL = "-O";
			};
			name = Release;
		};
		5720A5EF2700D8EC00C5DE07 /* Debug */ = {
			isa = XCBuildConfiguration;
			buildSettings = {
				ASSETCATALOG_COMPILER_APPICON_NAME = AppIcon;
				ASSETCATALOG_COMPILER_GLOBAL_ACCENT_COLOR_NAME = AccentColor;
				CODE_SIGN_ENTITLEMENTS = MultRepoTool/MultRepoTool.entitlements;
				CODE_SIGN_STYLE = Automatic;
				COMBINE_HIDPI_IMAGES = YES;
				CURRENT_PROJECT_VERSION = 1;
				DEVELOPMENT_ASSET_PATHS = "\"MultRepoTool/Preview Content\"";
				DEVELOPMENT_TEAM = 56M98M5X7T;
				ENABLE_HARDENED_RUNTIME = YES;
				ENABLE_PREVIEWS = YES;
				GENERATE_INFOPLIST_FILE = YES;
				INFOPLIST_KEY_NSHumanReadableCopyright = "";
				LD_RUNPATH_SEARCH_PATHS = (
					"$(inherited)",
					"@executable_path/../Frameworks",
				);
				MACOSX_DEPLOYMENT_TARGET = 11.0;
				MARKETING_VERSION = 1.0;
				PRODUCT_BUNDLE_IDENTIFIER = com.harofan.MultRepoTool;
				PRODUCT_NAME = "$(TARGET_NAME)";
				SWIFT_EMIT_LOC_STRINGS = YES;
				SWIFT_VERSION = 5.0;
			};
			name = Debug;
		};
		5720A5F02700D8EC00C5DE07 /* Release */ = {
			isa = XCBuildConfiguration;
			buildSettings = {
				ASSETCATALOG_COMPILER_APPICON_NAME = AppIcon;
				ASSETCATALOG_COMPILER_GLOBAL_ACCENT_COLOR_NAME = AccentColor;
				CODE_SIGN_ENTITLEMENTS = MultRepoTool/MultRepoTool.entitlements;
				CODE_SIGN_STYLE = Automatic;
				COMBINE_HIDPI_IMAGES = YES;
				CURRENT_PROJECT_VERSION = 1;
				DEVELOPMENT_ASSET_PATHS = "\"MultRepoTool/Preview Content\"";
				DEVELOPMENT_TEAM = 56M98M5X7T;
				ENABLE_HARDENED_RUNTIME = YES;
				ENABLE_PREVIEWS = YES;
				GENERATE_INFOPLIST_FILE = YES;
				INFOPLIST_KEY_NSHumanReadableCopyright = "";
				LD_RUNPATH_SEARCH_PATHS = (
					"$(inherited)",
					"@executable_path/../Frameworks",
				);
				MACOSX_DEPLOYMENT_TARGET = 11.0;
				MARKETING_VERSION = 1.0;
				PRODUCT_BUNDLE_IDENTIFIER = com.harofan.MultRepoTool;
				PRODUCT_NAME = "$(TARGET_NAME)";
				SWIFT_EMIT_LOC_STRINGS = YES;
				SWIFT_VERSION = 5.0;
			};
			name = Release;
		};
/* End XCBuildConfiguration section */

/* Begin XCConfigurationList section */
		5720A5DA2700D8EB00C5DE07 /* Build configuration list for PBXProject "MultRepoTool" */ = {
			isa = XCConfigurationList;
			buildConfigurations = (
				5720A5EC2700D8EC00C5DE07 /* Debug */,
				5720A5ED2700D8EC00C5DE07 /* Release */,
			);
			defaultConfigurationIsVisible = 0;
			defaultConfigurationName = Release;
		};
		5720A5EE2700D8EC00C5DE07 /* Build configuration list for PBXNativeTarget "MultRepoTool" */ = {
			isa = XCConfigurationList;
			buildConfigurations = (
				5720A5EF2700D8EC00C5DE07 /* Debug */,
				5720A5F02700D8EC00C5DE07 /* Release */,
			);
			defaultConfigurationIsVisible = 0;
			defaultConfigurationName = Release;
		};
/* End XCConfigurationList section */
	};
	rootObject = 5720A5D72700D8EB00C5DE07 /* Project object */;
}
