// !$*UTF8*$!
{
	archiveVersion = 1;
	classes = {
	};
	objectVersion = 50;
	objects = {

/* Begin PBXBuildFile section */
		574F6F102700F2340047233F /* MultRepoToolApp.swift in Sources */ = {isa = PBXBuildFile; fileRef = 574F6F0F2700F2340047233F /* MultRepoToolApp.swift */; };
		574F6F142700F2350047233F /* Assets.xcassets in Resources */ = {isa = PBXBuildFile; fileRef = 574F6F132700F2350047233F /* Assets.xcassets */; };
		574F6F172700F2350047233F /* Preview Assets.xcassets in Resources */ = {isa = PBXBuildFile; fileRef = 574F6F162700F2350047233F /* Preview Assets.xcassets */; };
		574F6F212700F2880047233F /* MultRepoToolConfig.swift in Sources */ = {isa = PBXBuildFile; fileRef = 574F6F202700F2880047233F /* MultRepoToolConfig.swift */; };
		574F6F232700F28D0047233F /* MainView.swift in Sources */ = {isa = PBXBuildFile; fileRef = 574F6F222700F28D0047233F /* MainView.swift */; };
		574F6F312700F2940047233F /* SpecScanner.swift in Sources */ = {isa = PBXBuildFile; fileRef = 574F6F262700F2930047233F /* SpecScanner.swift */; };
		574F6F322700F2940047233F /* Spec.swift in Sources */ = {isa = PBXBuildFile; fileRef = 574F6F272700F2930047233F /* Spec.swift */; };
		574F6F332700F2940047233F /* StepNumberView.swift in Sources */ = {isa = PBXBuildFile; fileRef = 574F6F2A2700F2930047233F /* StepNumberView.swift */; };
		574F6F342700F2940047233F /* StepRow.swift in Sources */ = {isa = PBXBuildFile; fileRef = 574F6F2B2700F2930047233F /* StepRow.swift */; };
		574F6F352700F2940047233F /* StepView.swift in Sources */ = {isa = PBXBuildFile; fileRef = 574F6F2D2700F2940047233F /* StepView.swift */; };
		574F6F362700F2940047233F /* RepoRow.swift in Sources */ = {isa = PBXBuildFile; fileRef = 574F6F2F2700F2940047233F /* RepoRow.swift */; };
		574F6F372700F2940047233F /* RepoView.swift in Sources */ = {isa = PBXBuildFile; fileRef = 574F6F302700F2940047233F /* RepoView.swift */; };
		574F6F902700F51B0047233F /* GitTool.swift in Sources */ = {isa = PBXBuildFile; fileRef = 574F6F8F2700F51B0047233F /* GitTool.swift */; };
		577F225127060ADD000A98E8 /* XTRepository+MergePushPull.swift in Sources */ = {isa = PBXBuildFile; fileRef = 577F221D27060ADB000A98E8 /* XTRepository+MergePushPull.swift */; };
		577F225227060ADD000A98E8 /* GitDiff.swift in Sources */ = {isa = PBXBuildFile; fileRef = 577F221E27060ADB000A98E8 /* GitDiff.swift */; };
		577F225327060ADD000A98E8 /* CLIRunner.swift in Sources */ = {isa = PBXBuildFile; fileRef = 577F221F27060ADB000A98E8 /* CLIRunner.swift */; };
		577F225427060ADD000A98E8 /* GitRemote.swift in Sources */ = {isa = PBXBuildFile; fileRef = 577F222027060ADB000A98E8 /* GitRemote.swift */; };
		577F225527060ADD000A98E8 /* RefType.swift in Sources */ = {isa = PBXBuildFile; fileRef = 577F222127060ADB000A98E8 /* RefType.swift */; };
		577F225627060ADD000A98E8 /* XTRepository+Commands.swift in Sources */ = {isa = PBXBuildFile; fileRef = 577F222227060ADB000A98E8 /* XTRepository+Commands.swift */; };
		577F225727060ADD000A98E8 /* XTRepository+Refs.swift in Sources */ = {isa = PBXBuildFile; fileRef = 577F222327060ADB000A98E8 /* XTRepository+Refs.swift */; };
		577F225827060ADD000A98E8 /* XTRepository+Staging.swift in Sources */ = {isa = PBXBuildFile; fileRef = 577F222427060ADB000A98E8 /* XTRepository+Staging.swift */; };
		577F225927060ADD000A98E8 /* GitTag.swift in Sources */ = {isa = PBXBuildFile; fileRef = 577F222527060ADB000A98E8 /* GitTag.swift */; };
		577F225A27060ADD000A98E8 /* WorkspaceWatcher.swift in Sources */ = {isa = PBXBuildFile; fileRef = 577F222627060ADB000A98E8 /* WorkspaceWatcher.swift */; };
		577F225B27060ADD000A98E8 /* GitCommit.swift in Sources */ = {isa = PBXBuildFile; fileRef = 577F222727060ADB000A98E8 /* GitCommit.swift */; };
		577F225C27060ADD000A98E8 /* GitEnums.swift in Sources */ = {isa = PBXBuildFile; fileRef = 577F222827060ADB000A98E8 /* GitEnums.swift */; };
		577F225D27060ADD000A98E8 /* GitBranch.swift in Sources */ = {isa = PBXBuildFile; fileRef = 577F222927060ADB000A98E8 /* GitBranch.swift */; };
		577F225E27060ADD000A98E8 /* GitDiffDelta.swift in Sources */ = {isa = PBXBuildFile; fileRef = 577F222A27060ADB000A98E8 /* GitDiffDelta.swift */; };
		577F225F27060ADD000A98E8 /* GitPatch.swift in Sources */ = {isa = PBXBuildFile; fileRef = 577F222B27060ADB000A98E8 /* GitPatch.swift */; };
		577F226027060ADD000A98E8 /* RepositoryProtocols.swift in Sources */ = {isa = PBXBuildFile; fileRef = 577F222C27060ADB000A98E8 /* RepositoryProtocols.swift */; };
		577F226127060ADD000A98E8 /* GitRefSpec.swift in Sources */ = {isa = PBXBuildFile; fileRef = 577F222D27060ADB000A98E8 /* GitRefSpec.swift */; };
		577F226227060ADD000A98E8 /* Blame.swift in Sources */ = {isa = PBXBuildFile; fileRef = 577F222E27060ADC000A98E8 /* Blame.swift */; };
		577F226327060ADD000A98E8 /* TaskQueue.swift in Sources */ = {isa = PBXBuildFile; fileRef = 577F222F27060ADC000A98E8 /* TaskQueue.swift */; };
		577F226427060ADD000A98E8 /* GitCloner.swift in Sources */ = {isa = PBXBuildFile; fileRef = 577F223027060ADC000A98E8 /* GitCloner.swift */; };
		577F226527060ADD000A98E8 /* GitExtensions.swift in Sources */ = {isa = PBXBuildFile; fileRef = 577F223127060ADC000A98E8 /* GitExtensions.swift */; };
		577F226627060ADD000A98E8 /* GitRefLog.swift in Sources */ = {isa = PBXBuildFile; fileRef = 577F223227060ADC000A98E8 /* GitRefLog.swift */; };
		577F226727060ADD000A98E8 /* ConfigWatcher.swift in Sources */ = {isa = PBXBuildFile; fileRef = 577F223327060ADC000A98E8 /* ConfigWatcher.swift */; };
		577F226827060ADD000A98E8 /* GitConfig.swift in Sources */ = {isa = PBXBuildFile; fileRef = 577F223427060ADC000A98E8 /* GitConfig.swift */; };
		577F226927060ADD000A98E8 /* PatchMaker.swift in Sources */ = {isa = PBXBuildFile; fileRef = 577F223527060ADC000A98E8 /* PatchMaker.swift */; };
		577F226A27060ADD000A98E8 /* Signature.swift in Sources */ = {isa = PBXBuildFile; fileRef = 577F223627060ADC000A98E8 /* Signature.swift */; };
		577F226B27060ADD000A98E8 /* FileMonitor.swift in Sources */ = {isa = PBXBuildFile; fileRef = 577F223727060ADC000A98E8 /* FileMonitor.swift */; };
		577F226C27060ADD000A98E8 /* GiRevWalk.swift in Sources */ = {isa = PBXBuildFile; fileRef = 577F223827060ADC000A98E8 /* GiRevWalk.swift */; };
		577F226D27060ADD000A98E8 /* GitStatusList.swift in Sources */ = {isa = PBXBuildFile; fileRef = 577F223A27060ADC000A98E8 /* GitStatusList.swift */; };
		577F226E27060ADD000A98E8 /* XTRepository.swift in Sources */ = {isa = PBXBuildFile; fileRef = 577F223B27060ADC000A98E8 /* XTRepository.swift */; };
		577F226F27060ADD000A98E8 /* RemoteProgressPublisher.swift in Sources */ = {isa = PBXBuildFile; fileRef = 577F223C27060ADC000A98E8 /* RemoteProgressPublisher.swift */; };
		577F227027060ADD000A98E8 /* GitDiffHunk.swift in Sources */ = {isa = PBXBuildFile; fileRef = 577F223D27060ADC000A98E8 /* GitDiffHunk.swift */; };
		577F227127060ADD000A98E8 /* TreeLoader.swift in Sources */ = {isa = PBXBuildFile; fileRef = 577F223E27060ADC000A98E8 /* TreeLoader.swift */; };
		577F227227060ADD000A98E8 /* GitSubmodule.swift in Sources */ = {isa = PBXBuildFile; fileRef = 577F223F27060ADC000A98E8 /* GitSubmodule.swift */; };
		577F227327060ADD000A98E8 /* GitWorkTree.swift in Sources */ = {isa = PBXBuildFile; fileRef = 577F224027060ADC000A98E8 /* GitWorkTree.swift */; };
		577F227427060ADD000A98E8 /* XTRepository+Iterators.swift in Sources */ = {isa = PBXBuildFile; fileRef = 577F224127060ADC000A98E8 /* XTRepository+Iterators.swift */; };
		577F227527060ADD000A98E8 /* RepositoryWatcher.swift in Sources */ = {isa = PBXBuildFile; fileRef = 577F224227060ADC000A98E8 /* RepositoryWatcher.swift */; };
		577F227627060ADD000A98E8 /* GitStash.swift in Sources */ = {isa = PBXBuildFile; fileRef = 577F224327060ADC000A98E8 /* GitStash.swift */; };
		577F227727060ADD000A98E8 /* RepositoryController.swift in Sources */ = {isa = PBXBuildFile; fileRef = 577F224527060ADC000A98E8 /* RepositoryController.swift */; };
		577F227827060ADD000A98E8 /* XTRepository+Commits.swift in Sources */ = {isa = PBXBuildFile; fileRef = 577F224627060ADC000A98E8 /* XTRepository+Commits.swift */; };
		577F227927060ADD000A98E8 /* RefName.swift in Sources */ = {isa = PBXBuildFile; fileRef = 577F224727060ADC000A98E8 /* RefName.swift */; };
		577F227A27060ADD000A98E8 /* RepoError.swift in Sources */ = {isa = PBXBuildFile; fileRef = 577F224827060ADC000A98E8 /* RepoError.swift */; };
		577F227B27060ADD000A98E8 /* GitIndex.swift in Sources */ = {isa = PBXBuildFile; fileRef = 577F224927060ADC000A98E8 /* GitIndex.swift */; };
		577F227C27060ADD000A98E8 /* GitBlob.swift in Sources */ = {isa = PBXBuildFile; fileRef = 577F224A27060ADC000A98E8 /* GitBlob.swift */; };
		577F227D27060ADD000A98E8 /* OID.swift in Sources */ = {isa = PBXBuildFile; fileRef = 577F224B27060ADC000A98E8 /* OID.swift */; };
		577F227E27060ADD000A98E8 /* GitVersionedOptions.swift in Sources */ = {isa = PBXBuildFile; fileRef = 577F224C27060ADC000A98E8 /* GitVersionedOptions.swift */; };
		577F227F27060ADD000A98E8 /* GitBuffer.swift in Sources */ = {isa = PBXBuildFile; fileRef = 577F224D27060ADD000A98E8 /* GitBuffer.swift */; };
		577F228027060ADD000A98E8 /* GitReference.swift in Sources */ = {isa = PBXBuildFile; fileRef = 577F224E27060ADD000A98E8 /* GitReference.swift */; };
		577F228127060ADD000A98E8 /* XTRepository+Files.swift in Sources */ = {isa = PBXBuildFile; fileRef = 577F224F27060ADD000A98E8 /* XTRepository+Files.swift */; };
		577F228227060ADD000A98E8 /* GitTree.swift in Sources */ = {isa = PBXBuildFile; fileRef = 577F225027060ADD000A98E8 /* GitTree.swift */; };
		57853C0027061214008F5D04 /* libgit2.a in Frameworks */ = {isa = PBXBuildFile; fileRef = 57853BFF27061214008F5D04 /* libgit2.a */; };
		57853C02270613A5008F5D04 /* XitString.swift in Sources */ = {isa = PBXBuildFile; fileRef = 57853C01270613A5008F5D04 /* XitString.swift */; };
		57853C0427061409008F5D04 /* Mutex.swift in Sources */ = {isa = PBXBuildFile; fileRef = 57853C0327061409008F5D04 /* Mutex.swift */; };
		57853C062706143D008F5D04 /* FileEventStream.swift in Sources */ = {isa = PBXBuildFile; fileRef = 57853C052706143D008F5D04 /* FileEventStream.swift */; };
		57853C08270614F2008F5D04 /* Cache.swift in Sources */ = {isa = PBXBuildFile; fileRef = 57853C07270614F2008F5D04 /* Cache.swift */; };
		57853C0A2706155E008F5D04 /* PublisherGroup.swift in Sources */ = {isa = PBXBuildFile; fileRef = 57853C092706155E008F5D04 /* PublisherGroup.swift */; };
		57853C1727061EB3008F5D04 /* libz.tbd in Frameworks */ = {isa = PBXBuildFile; fileRef = 57853C12270618F3008F5D04 /* libz.tbd */; };
		57853C1927061EE1008F5D04 /* libiconv.tbd in Frameworks */ = {isa = PBXBuildFile; fileRef = 57853C1827061EDD008F5D04 /* libiconv.tbd */; };
		57853C2227062351008F5D04 /* ObjectiveGit.framework in Frameworks */ = {isa = PBXBuildFile; fileRef = 57853C2127062351008F5D04 /* ObjectiveGit.framework */; };
/* End PBXBuildFile section */

/* Begin PBXFileReference section */
		574F6F0C2700F2340047233F /* MultRepoTool.app */ = {isa = PBXFileReference; explicitFileType = wrapper.application; includeInIndex = 0; path = MultRepoTool.app; sourceTree = BUILT_PRODUCTS_DIR; };
		574F6F0F2700F2340047233F /* MultRepoToolApp.swift */ = {isa = PBXFileReference; lastKnownFileType = sourcecode.swift; path = MultRepoToolApp.swift; sourceTree = "<group>"; };
		574F6F132700F2350047233F /* Assets.xcassets */ = {isa = PBXFileReference; lastKnownFileType = folder.assetcatalog; path = Assets.xcassets; sourceTree = "<group>"; };
		574F6F162700F2350047233F /* Preview Assets.xcassets */ = {isa = PBXFileReference; lastKnownFileType = folder.assetcatalog; path = "Preview Assets.xcassets"; sourceTree = "<group>"; };
		574F6F182700F2350047233F /* Info.plist */ = {isa = PBXFileReference; lastKnownFileType = text.plist.xml; path = Info.plist; sourceTree = "<group>"; };
		574F6F192700F2350047233F /* MultRepoTool.entitlements */ = {isa = PBXFileReference; lastKnownFileType = text.plist.entitlements; path = MultRepoTool.entitlements; sourceTree = "<group>"; };
		574F6F1F2700F2800047233F /* MultRepoTool.entitlements */ = {isa = PBXFileReference; lastKnownFileType = text.plist.entitlements; name = MultRepoTool.entitlements; path = MultRepoTool/MultRepoTool.entitlements; sourceTree = "<group>"; };
		574F6F202700F2880047233F /* MultRepoToolConfig.swift */ = {isa = PBXFileReference; fileEncoding = 4; lastKnownFileType = sourcecode.swift; path = MultRepoToolConfig.swift; sourceTree = "<group>"; };
		574F6F222700F28D0047233F /* MainView.swift */ = {isa = PBXFileReference; fileEncoding = 4; lastKnownFileType = sourcecode.swift; path = MainView.swift; sourceTree = "<group>"; };
		574F6F262700F2930047233F /* SpecScanner.swift */ = {isa = PBXFileReference; fileEncoding = 4; lastKnownFileType = sourcecode.swift; path = SpecScanner.swift; sourceTree = "<group>"; };
		574F6F272700F2930047233F /* Spec.swift */ = {isa = PBXFileReference; fileEncoding = 4; lastKnownFileType = sourcecode.swift; path = Spec.swift; sourceTree = "<group>"; };
		574F6F2A2700F2930047233F /* StepNumberView.swift */ = {isa = PBXFileReference; fileEncoding = 4; lastKnownFileType = sourcecode.swift; path = StepNumberView.swift; sourceTree = "<group>"; };
		574F6F2B2700F2930047233F /* StepRow.swift */ = {isa = PBXFileReference; fileEncoding = 4; lastKnownFileType = sourcecode.swift; path = StepRow.swift; sourceTree = "<group>"; };
		574F6F2D2700F2940047233F /* StepView.swift */ = {isa = PBXFileReference; fileEncoding = 4; lastKnownFileType = sourcecode.swift; path = StepView.swift; sourceTree = "<group>"; };
		574F6F2F2700F2940047233F /* RepoRow.swift */ = {isa = PBXFileReference; fileEncoding = 4; lastKnownFileType = sourcecode.swift; path = RepoRow.swift; sourceTree = "<group>"; };
		574F6F302700F2940047233F /* RepoView.swift */ = {isa = PBXFileReference; fileEncoding = 4; lastKnownFileType = sourcecode.swift; path = RepoView.swift; sourceTree = "<group>"; };
		574F6F8F2700F51B0047233F /* GitTool.swift */ = {isa = PBXFileReference; lastKnownFileType = sourcecode.swift; path = GitTool.swift; sourceTree = "<group>"; };
		577F221D27060ADB000A98E8 /* XTRepository+MergePushPull.swift */ = {isa = PBXFileReference; fileEncoding = 4; lastKnownFileType = sourcecode.swift; path = "XTRepository+MergePushPull.swift"; sourceTree = "<group>"; };
		577F221E27060ADB000A98E8 /* GitDiff.swift */ = {isa = PBXFileReference; fileEncoding = 4; lastKnownFileType = sourcecode.swift; path = GitDiff.swift; sourceTree = "<group>"; };
		577F221F27060ADB000A98E8 /* CLIRunner.swift */ = {isa = PBXFileReference; fileEncoding = 4; lastKnownFileType = sourcecode.swift; path = CLIRunner.swift; sourceTree = "<group>"; };
		577F222027060ADB000A98E8 /* GitRemote.swift */ = {isa = PBXFileReference; fileEncoding = 4; lastKnownFileType = sourcecode.swift; path = GitRemote.swift; sourceTree = "<group>"; };
		577F222127060ADB000A98E8 /* RefType.swift */ = {isa = PBXFileReference; fileEncoding = 4; lastKnownFileType = sourcecode.swift; path = RefType.swift; sourceTree = "<group>"; };
		577F222227060ADB000A98E8 /* XTRepository+Commands.swift */ = {isa = PBXFileReference; fileEncoding = 4; lastKnownFileType = sourcecode.swift; path = "XTRepository+Commands.swift"; sourceTree = "<group>"; };
		577F222327060ADB000A98E8 /* XTRepository+Refs.swift */ = {isa = PBXFileReference; fileEncoding = 4; lastKnownFileType = sourcecode.swift; path = "XTRepository+Refs.swift"; sourceTree = "<group>"; };
		577F222427060ADB000A98E8 /* XTRepository+Staging.swift */ = {isa = PBXFileReference; fileEncoding = 4; lastKnownFileType = sourcecode.swift; path = "XTRepository+Staging.swift"; sourceTree = "<group>"; };
		577F222527060ADB000A98E8 /* GitTag.swift */ = {isa = PBXFileReference; fileEncoding = 4; lastKnownFileType = sourcecode.swift; path = GitTag.swift; sourceTree = "<group>"; };
		577F222627060ADB000A98E8 /* WorkspaceWatcher.swift */ = {isa = PBXFileReference; fileEncoding = 4; lastKnownFileType = sourcecode.swift; path = WorkspaceWatcher.swift; sourceTree = "<group>"; };
		577F222727060ADB000A98E8 /* GitCommit.swift */ = {isa = PBXFileReference; fileEncoding = 4; lastKnownFileType = sourcecode.swift; path = GitCommit.swift; sourceTree = "<group>"; };
		577F222827060ADB000A98E8 /* GitEnums.swift */ = {isa = PBXFileReference; fileEncoding = 4; lastKnownFileType = sourcecode.swift; path = GitEnums.swift; sourceTree = "<group>"; };
		577F222927060ADB000A98E8 /* GitBranch.swift */ = {isa = PBXFileReference; fileEncoding = 4; lastKnownFileType = sourcecode.swift; path = GitBranch.swift; sourceTree = "<group>"; };
		577F222A27060ADB000A98E8 /* GitDiffDelta.swift */ = {isa = PBXFileReference; fileEncoding = 4; lastKnownFileType = sourcecode.swift; path = GitDiffDelta.swift; sourceTree = "<group>"; };
		577F222B27060ADB000A98E8 /* GitPatch.swift */ = {isa = PBXFileReference; fileEncoding = 4; lastKnownFileType = sourcecode.swift; path = GitPatch.swift; sourceTree = "<group>"; };
		577F222C27060ADB000A98E8 /* RepositoryProtocols.swift */ = {isa = PBXFileReference; fileEncoding = 4; lastKnownFileType = sourcecode.swift; path = RepositoryProtocols.swift; sourceTree = "<group>"; };
		577F222D27060ADB000A98E8 /* GitRefSpec.swift */ = {isa = PBXFileReference; fileEncoding = 4; lastKnownFileType = sourcecode.swift; path = GitRefSpec.swift; sourceTree = "<group>"; };
		577F222E27060ADC000A98E8 /* Blame.swift */ = {isa = PBXFileReference; fileEncoding = 4; lastKnownFileType = sourcecode.swift; path = Blame.swift; sourceTree = "<group>"; };
		577F222F27060ADC000A98E8 /* TaskQueue.swift */ = {isa = PBXFileReference; fileEncoding = 4; lastKnownFileType = sourcecode.swift; path = TaskQueue.swift; sourceTree = "<group>"; };
		577F223027060ADC000A98E8 /* GitCloner.swift */ = {isa = PBXFileReference; fileEncoding = 4; lastKnownFileType = sourcecode.swift; path = GitCloner.swift; sourceTree = "<group>"; };
		577F223127060ADC000A98E8 /* GitExtensions.swift */ = {isa = PBXFileReference; fileEncoding = 4; lastKnownFileType = sourcecode.swift; path = GitExtensions.swift; sourceTree = "<group>"; };
		577F223227060ADC000A98E8 /* GitRefLog.swift */ = {isa = PBXFileReference; fileEncoding = 4; lastKnownFileType = sourcecode.swift; path = GitRefLog.swift; sourceTree = "<group>"; };
		577F223327060ADC000A98E8 /* ConfigWatcher.swift */ = {isa = PBXFileReference; fileEncoding = 4; lastKnownFileType = sourcecode.swift; path = ConfigWatcher.swift; sourceTree = "<group>"; };
		577F223427060ADC000A98E8 /* GitConfig.swift */ = {isa = PBXFileReference; fileEncoding = 4; lastKnownFileType = sourcecode.swift; path = GitConfig.swift; sourceTree = "<group>"; };
		577F223527060ADC000A98E8 /* PatchMaker.swift */ = {isa = PBXFileReference; fileEncoding = 4; lastKnownFileType = sourcecode.swift; path = PatchMaker.swift; sourceTree = "<group>"; };
		577F223627060ADC000A98E8 /* Signature.swift */ = {isa = PBXFileReference; fileEncoding = 4; lastKnownFileType = sourcecode.swift; path = Signature.swift; sourceTree = "<group>"; };
		577F223727060ADC000A98E8 /* FileMonitor.swift */ = {isa = PBXFileReference; fileEncoding = 4; lastKnownFileType = sourcecode.swift; path = FileMonitor.swift; sourceTree = "<group>"; };
		577F223827060ADC000A98E8 /* GiRevWalk.swift */ = {isa = PBXFileReference; fileEncoding = 4; lastKnownFileType = sourcecode.swift; path = GiRevWalk.swift; sourceTree = "<group>"; };
		577F223A27060ADC000A98E8 /* GitStatusList.swift */ = {isa = PBXFileReference; fileEncoding = 4; lastKnownFileType = sourcecode.swift; path = GitStatusList.swift; sourceTree = "<group>"; };
		577F223B27060ADC000A98E8 /* XTRepository.swift */ = {isa = PBXFileReference; fileEncoding = 4; lastKnownFileType = sourcecode.swift; path = XTRepository.swift; sourceTree = "<group>"; };
		577F223C27060ADC000A98E8 /* RemoteProgressPublisher.swift */ = {isa = PBXFileReference; fileEncoding = 4; lastKnownFileType = sourcecode.swift; path = RemoteProgressPublisher.swift; sourceTree = "<group>"; };
		577F223D27060ADC000A98E8 /* GitDiffHunk.swift */ = {isa = PBXFileReference; fileEncoding = 4; lastKnownFileType = sourcecode.swift; path = GitDiffHunk.swift; sourceTree = "<group>"; };
		577F223E27060ADC000A98E8 /* TreeLoader.swift */ = {isa = PBXFileReference; fileEncoding = 4; lastKnownFileType = sourcecode.swift; path = TreeLoader.swift; sourceTree = "<group>"; };
		577F223F27060ADC000A98E8 /* GitSubmodule.swift */ = {isa = PBXFileReference; fileEncoding = 4; lastKnownFileType = sourcecode.swift; path = GitSubmodule.swift; sourceTree = "<group>"; };
		577F224027060ADC000A98E8 /* GitWorkTree.swift */ = {isa = PBXFileReference; fileEncoding = 4; lastKnownFileType = sourcecode.swift; path = GitWorkTree.swift; sourceTree = "<group>"; };
		577F224127060ADC000A98E8 /* XTRepository+Iterators.swift */ = {isa = PBXFileReference; fileEncoding = 4; lastKnownFileType = sourcecode.swift; path = "XTRepository+Iterators.swift"; sourceTree = "<group>"; };
		577F224227060ADC000A98E8 /* RepositoryWatcher.swift */ = {isa = PBXFileReference; fileEncoding = 4; lastKnownFileType = sourcecode.swift; path = RepositoryWatcher.swift; sourceTree = "<group>"; };
		577F224327060ADC000A98E8 /* GitStash.swift */ = {isa = PBXFileReference; fileEncoding = 4; lastKnownFileType = sourcecode.swift; path = GitStash.swift; sourceTree = "<group>"; };
		577F224427060ADC000A98E8 /* GitEnums.h */ = {isa = PBXFileReference; fileEncoding = 4; lastKnownFileType = sourcecode.c.h; path = GitEnums.h; sourceTree = "<group>"; };
		577F224527060ADC000A98E8 /* RepositoryController.swift */ = {isa = PBXFileReference; fileEncoding = 4; lastKnownFileType = sourcecode.swift; path = RepositoryController.swift; sourceTree = "<group>"; };
		577F224627060ADC000A98E8 /* XTRepository+Commits.swift */ = {isa = PBXFileReference; fileEncoding = 4; lastKnownFileType = sourcecode.swift; path = "XTRepository+Commits.swift"; sourceTree = "<group>"; };
		577F224727060ADC000A98E8 /* RefName.swift */ = {isa = PBXFileReference; fileEncoding = 4; lastKnownFileType = sourcecode.swift; path = RefName.swift; sourceTree = "<group>"; };
		577F224827060ADC000A98E8 /* RepoError.swift */ = {isa = PBXFileReference; fileEncoding = 4; lastKnownFileType = sourcecode.swift; path = RepoError.swift; sourceTree = "<group>"; };
		577F224927060ADC000A98E8 /* GitIndex.swift */ = {isa = PBXFileReference; fileEncoding = 4; lastKnownFileType = sourcecode.swift; path = GitIndex.swift; sourceTree = "<group>"; };
		577F224A27060ADC000A98E8 /* GitBlob.swift */ = {isa = PBXFileReference; fileEncoding = 4; lastKnownFileType = sourcecode.swift; path = GitBlob.swift; sourceTree = "<group>"; };
		577F224B27060ADC000A98E8 /* OID.swift */ = {isa = PBXFileReference; fileEncoding = 4; lastKnownFileType = sourcecode.swift; path = OID.swift; sourceTree = "<group>"; };
		577F224C27060ADC000A98E8 /* GitVersionedOptions.swift */ = {isa = PBXFileReference; fileEncoding = 4; lastKnownFileType = sourcecode.swift; path = GitVersionedOptions.swift; sourceTree = "<group>"; };
		577F224D27060ADD000A98E8 /* GitBuffer.swift */ = {isa = PBXFileReference; fileEncoding = 4; lastKnownFileType = sourcecode.swift; path = GitBuffer.swift; sourceTree = "<group>"; };
		577F224E27060ADD000A98E8 /* GitReference.swift */ = {isa = PBXFileReference; fileEncoding = 4; lastKnownFileType = sourcecode.swift; path = GitReference.swift; sourceTree = "<group>"; };
		577F224F27060ADD000A98E8 /* XTRepository+Files.swift */ = {isa = PBXFileReference; fileEncoding = 4; lastKnownFileType = sourcecode.swift; path = "XTRepository+Files.swift"; sourceTree = "<group>"; };
		577F225027060ADD000A98E8 /* GitTree.swift */ = {isa = PBXFileReference; fileEncoding = 4; lastKnownFileType = sourcecode.swift; path = GitTree.swift; sourceTree = "<group>"; };
		577F228627060F3F000A98E8 /* MultRepoTool-Bridging-Header.h */ = {isa = PBXFileReference; lastKnownFileType = sourcecode.c.h; path = "MultRepoTool-Bridging-Header.h"; sourceTree = "<group>"; };
		57853BA927061214008F5D04 /* git2.h */ = {isa = PBXFileReference; fileEncoding = 4; lastKnownFileType = sourcecode.c.h; path = git2.h; sourceTree = "<group>"; };
		57853BAB27061214008F5D04 /* signature.h */ = {isa = PBXFileReference; fileEncoding = 4; lastKnownFileType = sourcecode.c.h; path = signature.h; sourceTree = "<group>"; };
		57853BAC27061214008F5D04 /* oid.h */ = {isa = PBXFileReference; fileEncoding = 4; lastKnownFileType = sourcecode.c.h; path = oid.h; sourceTree = "<group>"; };
		57853BAD27061214008F5D04 /* index.h */ = {isa = PBXFileReference; fileEncoding = 4; lastKnownFileType = sourcecode.c.h; path = index.h; sourceTree = "<group>"; };
		57853BAE27061214008F5D04 /* ignore.h */ = {isa = PBXFileReference; fileEncoding = 4; lastKnownFileType = sourcecode.c.h; path = ignore.h; sourceTree = "<group>"; };
		57853BAF27061214008F5D04 /* inttypes.h */ = {isa = PBXFileReference; fileEncoding = 4; lastKnownFileType = sourcecode.c.h; path = inttypes.h; sourceTree = "<group>"; };
		57853BB027061214008F5D04 /* attr.h */ = {isa = PBXFileReference; fileEncoding = 4; lastKnownFileType = sourcecode.c.h; path = attr.h; sourceTree = "<group>"; };
		57853BB127061214008F5D04 /* blame.h */ = {isa = PBXFileReference; fileEncoding = 4; lastKnownFileType = sourcecode.c.h; path = blame.h; sourceTree = "<group>"; };
		57853BB227061214008F5D04 /* oidarray.h */ = {isa = PBXFileReference; fileEncoding = 4; lastKnownFileType = sourcecode.c.h; path = oidarray.h; sourceTree = "<group>"; };
		57853BB327061214008F5D04 /* pack.h */ = {isa = PBXFileReference; fileEncoding = 4; lastKnownFileType = sourcecode.c.h; path = pack.h; sourceTree = "<group>"; };
		57853BB427061214008F5D04 /* revert.h */ = {isa = PBXFileReference; fileEncoding = 4; lastKnownFileType = sourcecode.c.h; path = revert.h; sourceTree = "<group>"; };
		57853BB527061214008F5D04 /* version.h */ = {isa = PBXFileReference; fileEncoding = 4; lastKnownFileType = sourcecode.c.h; path = version.h; sourceTree = "<group>"; };
		57853BB627061214008F5D04 /* odb.h */ = {isa = PBXFileReference; fileEncoding = 4; lastKnownFileType = sourcecode.c.h; path = odb.h; sourceTree = "<group>"; };
		57853BB727061214008F5D04 /* status.h */ = {isa = PBXFileReference; fileEncoding = 4; lastKnownFileType = sourcecode.c.h; path = status.h; sourceTree = "<group>"; };
		57853BB827061214008F5D04 /* net.h */ = {isa = PBXFileReference; fileEncoding = 4; lastKnownFileType = sourcecode.c.h; path = net.h; sourceTree = "<group>"; };
		57853BB927061214008F5D04 /* tag.h */ = {isa = PBXFileReference; fileEncoding = 4; lastKnownFileType = sourcecode.c.h; path = tag.h; sourceTree = "<group>"; };
		57853BBA27061214008F5D04 /* annotated_commit.h */ = {isa = PBXFileReference; fileEncoding = 4; lastKnownFileType = sourcecode.c.h; path = annotated_commit.h; sourceTree = "<group>"; };
		57853BBB27061214008F5D04 /* config.h */ = {isa = PBXFileReference; fileEncoding = 4; lastKnownFileType = sourcecode.c.h; path = config.h; sourceTree = "<group>"; };
		57853BBC27061214008F5D04 /* branch.h */ = {isa = PBXFileReference; fileEncoding = 4; lastKnownFileType = sourcecode.c.h; path = branch.h; sourceTree = "<group>"; };
		57853BBD27061214008F5D04 /* types.h */ = {isa = PBXFileReference; fileEncoding = 4; lastKnownFileType = sourcecode.c.h; path = types.h; sourceTree = "<group>"; };
		57853BBE27061214008F5D04 /* repository.h */ = {isa = PBXFileReference; fileEncoding = 4; lastKnownFileType = sourcecode.c.h; path = repository.h; sourceTree = "<group>"; };
		57853BBF27061214008F5D04 /* clone.h */ = {isa = PBXFileReference; fileEncoding = 4; lastKnownFileType = sourcecode.c.h; path = clone.h; sourceTree = "<group>"; };
		57853BC027061214008F5D04 /* global.h */ = {isa = PBXFileReference; fileEncoding = 4; lastKnownFileType = sourcecode.c.h; path = global.h; sourceTree = "<group>"; };
		57853BC127061214008F5D04 /* blob.h */ = {isa = PBXFileReference; fileEncoding = 4; lastKnownFileType = sourcecode.c.h; path = blob.h; sourceTree = "<group>"; };
		57853BC227061214008F5D04 /* cherrypick.h */ = {isa = PBXFileReference; fileEncoding = 4; lastKnownFileType = sourcecode.c.h; path = cherrypick.h; sourceTree = "<group>"; };
		57853BC327061214008F5D04 /* mailmap.h */ = {isa = PBXFileReference; fileEncoding = 4; lastKnownFileType = sourcecode.c.h; path = mailmap.h; sourceTree = "<group>"; };
		57853BC427061214008F5D04 /* submodule.h */ = {isa = PBXFileReference; fileEncoding = 4; lastKnownFileType = sourcecode.c.h; path = submodule.h; sourceTree = "<group>"; };
		57853BC527061214008F5D04 /* errors.h */ = {isa = PBXFileReference; fileEncoding = 4; lastKnownFileType = sourcecode.c.h; path = errors.h; sourceTree = "<group>"; };
		57853BC627061214008F5D04 /* message.h */ = {isa = PBXFileReference; fileEncoding = 4; lastKnownFileType = sourcecode.c.h; path = message.h; sourceTree = "<group>"; };
		57853BC727061214008F5D04 /* merge.h */ = {isa = PBXFileReference; fileEncoding = 4; lastKnownFileType = sourcecode.c.h; path = merge.h; sourceTree = "<group>"; };
		57853BC827061214008F5D04 /* pathspec.h */ = {isa = PBXFileReference; fileEncoding = 4; lastKnownFileType = sourcecode.c.h; path = pathspec.h; sourceTree = "<group>"; };
		57853BC927061214008F5D04 /* tree.h */ = {isa = PBXFileReference; fileEncoding = 4; lastKnownFileType = sourcecode.c.h; path = tree.h; sourceTree = "<group>"; };
		57853BCA27061214008F5D04 /* odb_backend.h */ = {isa = PBXFileReference; fileEncoding = 4; lastKnownFileType = sourcecode.c.h; path = odb_backend.h; sourceTree = "<group>"; };
		57853BCB27061214008F5D04 /* graph.h */ = {isa = PBXFileReference; fileEncoding = 4; lastKnownFileType = sourcecode.c.h; path = graph.h; sourceTree = "<group>"; };
		57853BCC27061214008F5D04 /* describe.h */ = {isa = PBXFileReference; fileEncoding = 4; lastKnownFileType = sourcecode.c.h; path = describe.h; sourceTree = "<group>"; };
		57853BCD27061214008F5D04 /* rebase.h */ = {isa = PBXFileReference; fileEncoding = 4; lastKnownFileType = sourcecode.c.h; path = rebase.h; sourceTree = "<group>"; };
		57853BCE27061214008F5D04 /* worktree.h */ = {isa = PBXFileReference; fileEncoding = 4; lastKnownFileType = sourcecode.c.h; path = worktree.h; sourceTree = "<group>"; };
		57853BCF27061214008F5D04 /* stash.h */ = {isa = PBXFileReference; fileEncoding = 4; lastKnownFileType = sourcecode.c.h; path = stash.h; sourceTree = "<group>"; };
		57853BD027061214008F5D04 /* remote.h */ = {isa = PBXFileReference; fileEncoding = 4; lastKnownFileType = sourcecode.c.h; path = remote.h; sourceTree = "<group>"; };
		57853BD127061214008F5D04 /* strarray.h */ = {isa = PBXFileReference; fileEncoding = 4; lastKnownFileType = sourcecode.c.h; path = strarray.h; sourceTree = "<group>"; };
		57853BD227061214008F5D04 /* reflog.h */ = {isa = PBXFileReference; fileEncoding = 4; lastKnownFileType = sourcecode.c.h; path = reflog.h; sourceTree = "<group>"; };
		57853BD327061214008F5D04 /* cred_helpers.h */ = {isa = PBXFileReference; fileEncoding = 4; lastKnownFileType = sourcecode.c.h; path = cred_helpers.h; sourceTree = "<group>"; };
		57853BD427061214008F5D04 /* buffer.h */ = {isa = PBXFileReference; fileEncoding = 4; lastKnownFileType = sourcecode.c.h; path = buffer.h; sourceTree = "<group>"; };
		57853BD527061214008F5D04 /* diff.h */ = {isa = PBXFileReference; fileEncoding = 4; lastKnownFileType = sourcecode.c.h; path = diff.h; sourceTree = "<group>"; };
		57853BD727061214008F5D04 /* time.h */ = {isa = PBXFileReference; fileEncoding = 4; lastKnownFileType = sourcecode.c.h; path = time.h; sourceTree = "<group>"; };
		57853BD827061214008F5D04 /* index.h */ = {isa = PBXFileReference; fileEncoding = 4; lastKnownFileType = sourcecode.c.h; path = index.h; sourceTree = "<group>"; };
		57853BD927061214008F5D04 /* config1.h */ = {isa = PBXFileReference; fileEncoding = 4; lastKnownFileType = sourcecode.c.h; path = config1.h; sourceTree = "<group>"; };
		57853BDA27061214008F5D04 /* path.h */ = {isa = PBXFileReference; fileEncoding = 4; lastKnownFileType = sourcecode.c.h; path = path.h; sourceTree = "<group>"; };
		57853BDB27061214008F5D04 /* repository.h */ = {isa = PBXFileReference; fileEncoding = 4; lastKnownFileType = sourcecode.c.h; path = repository.h; sourceTree = "<group>"; };
		57853BDC27061214008F5D04 /* openssl.h */ = {isa = PBXFileReference; fileEncoding = 4; lastKnownFileType = sourcecode.c.h; path = openssl.h; sourceTree = "<group>"; };
		57853BDD27061214008F5D04 /* merge.h */ = {isa = PBXFileReference; fileEncoding = 4; lastKnownFileType = sourcecode.c.h; path = merge.h; sourceTree = "<group>"; };
		57853BDE27061214008F5D04 /* stream.h */ = {isa = PBXFileReference; fileEncoding = 4; lastKnownFileType = sourcecode.c.h; path = stream.h; sourceTree = "<group>"; };
		57853BDF27061214008F5D04 /* odb_backend.h */ = {isa = PBXFileReference; fileEncoding = 4; lastKnownFileType = sourcecode.c.h; path = odb_backend.h; sourceTree = "<group>"; };
		57853BE027061214008F5D04 /* reflog.h */ = {isa = PBXFileReference; fileEncoding = 4; lastKnownFileType = sourcecode.c.h; path = reflog.h; sourceTree = "<group>"; };
		57853BE127061214008F5D04 /* diff.h */ = {isa = PBXFileReference; fileEncoding = 4; lastKnownFileType = sourcecode.c.h; path = diff.h; sourceTree = "<group>"; };
		57853BE227061214008F5D04 /* transport.h */ = {isa = PBXFileReference; fileEncoding = 4; lastKnownFileType = sourcecode.c.h; path = transport.h; sourceTree = "<group>"; };
		57853BE327061214008F5D04 /* hashsig.h */ = {isa = PBXFileReference; fileEncoding = 4; lastKnownFileType = sourcecode.c.h; path = hashsig.h; sourceTree = "<group>"; };
		57853BE427061214008F5D04 /* refs.h */ = {isa = PBXFileReference; fileEncoding = 4; lastKnownFileType = sourcecode.c.h; path = refs.h; sourceTree = "<group>"; };
		57853BE527061214008F5D04 /* filter.h */ = {isa = PBXFileReference; fileEncoding = 4; lastKnownFileType = sourcecode.c.h; path = filter.h; sourceTree = "<group>"; };
		57853BE627061214008F5D04 /* alloc.h */ = {isa = PBXFileReference; fileEncoding = 4; lastKnownFileType = sourcecode.c.h; path = alloc.h; sourceTree = "<group>"; };
		57853BE727061214008F5D04 /* mempack.h */ = {isa = PBXFileReference; fileEncoding = 4; lastKnownFileType = sourcecode.c.h; path = mempack.h; sourceTree = "<group>"; };
		57853BE827061214008F5D04 /* commit.h */ = {isa = PBXFileReference; fileEncoding = 4; lastKnownFileType = sourcecode.c.h; path = commit.h; sourceTree = "<group>"; };
		57853BE927061214008F5D04 /* refdb_backend.h */ = {isa = PBXFileReference; fileEncoding = 4; lastKnownFileType = sourcecode.c.h; path = refdb_backend.h; sourceTree = "<group>"; };
		57853BEA27061214008F5D04 /* trace.h */ = {isa = PBXFileReference; fileEncoding = 4; lastKnownFileType = sourcecode.c.h; path = trace.h; sourceTree = "<group>"; };
		57853BEB27061214008F5D04 /* common.h */ = {isa = PBXFileReference; fileEncoding = 4; lastKnownFileType = sourcecode.c.h; path = common.h; sourceTree = "<group>"; };
		57853BEC27061214008F5D04 /* proxy.h */ = {isa = PBXFileReference; fileEncoding = 4; lastKnownFileType = sourcecode.c.h; path = proxy.h; sourceTree = "<group>"; };
		57853BED27061214008F5D04 /* indexer.h */ = {isa = PBXFileReference; fileEncoding = 4; lastKnownFileType = sourcecode.c.h; path = indexer.h; sourceTree = "<group>"; };
		57853BEE27061214008F5D04 /* refspec.h */ = {isa = PBXFileReference; fileEncoding = 4; lastKnownFileType = sourcecode.c.h; path = refspec.h; sourceTree = "<group>"; };
		57853BEF27061214008F5D04 /* notes.h */ = {isa = PBXFileReference; fileEncoding = 4; lastKnownFileType = sourcecode.c.h; path = notes.h; sourceTree = "<group>"; };
		57853BF027061214008F5D04 /* deprecated.h */ = {isa = PBXFileReference; fileEncoding = 4; lastKnownFileType = sourcecode.c.h; path = deprecated.h; sourceTree = "<group>"; };
		57853BF127061214008F5D04 /* transport.h */ = {isa = PBXFileReference; fileEncoding = 4; lastKnownFileType = sourcecode.c.h; path = transport.h; sourceTree = "<group>"; };
		57853BF227061214008F5D04 /* revwalk.h */ = {isa = PBXFileReference; fileEncoding = 4; lastKnownFileType = sourcecode.c.h; path = revwalk.h; sourceTree = "<group>"; };
		57853BF327061214008F5D04 /* patch.h */ = {isa = PBXFileReference; fileEncoding = 4; lastKnownFileType = sourcecode.c.h; path = patch.h; sourceTree = "<group>"; };
		57853BF427061214008F5D04 /* object.h */ = {isa = PBXFileReference; fileEncoding = 4; lastKnownFileType = sourcecode.c.h; path = object.h; sourceTree = "<group>"; };
		57853BF527061214008F5D04 /* checkout.h */ = {isa = PBXFileReference; fileEncoding = 4; lastKnownFileType = sourcecode.c.h; path = checkout.h; sourceTree = "<group>"; };
		57853BF627061214008F5D04 /* apply.h */ = {isa = PBXFileReference; fileEncoding = 4; lastKnownFileType = sourcecode.c.h; path = apply.h; sourceTree = "<group>"; };
		57853BF727061214008F5D04 /* revparse.h */ = {isa = PBXFileReference; fileEncoding = 4; lastKnownFileType = sourcecode.c.h; path = revparse.h; sourceTree = "<group>"; };
		57853BF827061214008F5D04 /* refs.h */ = {isa = PBXFileReference; fileEncoding = 4; lastKnownFileType = sourcecode.c.h; path = refs.h; sourceTree = "<group>"; };
		57853BF927061214008F5D04 /* reset.h */ = {isa = PBXFileReference; fileEncoding = 4; lastKnownFileType = sourcecode.c.h; path = reset.h; sourceTree = "<group>"; };
		57853BFA27061214008F5D04 /* filter.h */ = {isa = PBXFileReference; fileEncoding = 4; lastKnownFileType = sourcecode.c.h; path = filter.h; sourceTree = "<group>"; };
		57853BFB27061214008F5D04 /* transaction.h */ = {isa = PBXFileReference; fileEncoding = 4; lastKnownFileType = sourcecode.c.h; path = transaction.h; sourceTree = "<group>"; };
		57853BFC27061214008F5D04 /* stdint.h */ = {isa = PBXFileReference; fileEncoding = 4; lastKnownFileType = sourcecode.c.h; path = stdint.h; sourceTree = "<group>"; };
		57853BFD27061214008F5D04 /* commit.h */ = {isa = PBXFileReference; fileEncoding = 4; lastKnownFileType = sourcecode.c.h; path = commit.h; sourceTree = "<group>"; };
		57853BFE27061214008F5D04 /* refdb.h */ = {isa = PBXFileReference; fileEncoding = 4; lastKnownFileType = sourcecode.c.h; path = refdb.h; sourceTree = "<group>"; };
		57853BFF27061214008F5D04 /* libgit2.a */ = {isa = PBXFileReference; lastKnownFileType = archive.ar; path = libgit2.a; sourceTree = "<group>"; };
		57853C01270613A5008F5D04 /* XitString.swift */ = {isa = PBXFileReference; lastKnownFileType = sourcecode.swift; path = XitString.swift; sourceTree = "<group>"; };
		57853C0327061409008F5D04 /* Mutex.swift */ = {isa = PBXFileReference; fileEncoding = 4; lastKnownFileType = sourcecode.swift; path = Mutex.swift; sourceTree = "<group>"; };
		57853C052706143D008F5D04 /* FileEventStream.swift */ = {isa = PBXFileReference; fileEncoding = 4; lastKnownFileType = sourcecode.swift; path = FileEventStream.swift; sourceTree = "<group>"; };
		57853C07270614F2008F5D04 /* Cache.swift */ = {isa = PBXFileReference; fileEncoding = 4; lastKnownFileType = sourcecode.swift; path = Cache.swift; sourceTree = "<group>"; };
		57853C092706155E008F5D04 /* PublisherGroup.swift */ = {isa = PBXFileReference; fileEncoding = 4; lastKnownFileType = sourcecode.swift; path = PublisherGroup.swift; sourceTree = "<group>"; };
		57853C12270618F3008F5D04 /* libz.tbd */ = {isa = PBXFileReference; lastKnownFileType = "sourcecode.text-based-dylib-definition"; name = libz.tbd; path = usr/lib/libz.tbd; sourceTree = SDKROOT; };
		57853C1327061E1F008F5D04 /* ObjectiveGit.framework */ = {isa = PBXFileReference; lastKnownFileType = wrapper.framework; name = ObjectiveGit.framework; path = MultRepoTool/WorkFlow/Git/ObjectiveGit.framework; sourceTree = "<group>"; };
		57853C1827061EDD008F5D04 /* libiconv.tbd */ = {isa = PBXFileReference; lastKnownFileType = "sourcecode.text-based-dylib-definition"; name = libiconv.tbd; path = usr/lib/libiconv.tbd; sourceTree = SDKROOT; };
		57853C2127062351008F5D04 /* ObjectiveGit.framework */ = {isa = PBXFileReference; lastKnownFileType = wrapper.framework; name = ObjectiveGit.framework; path = MultRepoTool/ObjectiveGit.framework; sourceTree = SOURCE_ROOT; };
/* End PBXFileReference section */

/* Begin PBXFrameworksBuildPhase section */
		574F6F092700F2340047233F /* Frameworks */ = {
			isa = PBXFrameworksBuildPhase;
			buildActionMask = 2147483647;
			files = (
				57853C0027061214008F5D04 /* libgit2.a in Frameworks */,
				57853C2227062351008F5D04 /* ObjectiveGit.framework in Frameworks */,
				57853C1727061EB3008F5D04 /* libz.tbd in Frameworks */,
				57853C1927061EE1008F5D04 /* libiconv.tbd in Frameworks */,
			);
			runOnlyForDeploymentPostprocessing = 0;
		};
/* End PBXFrameworksBuildPhase section */

/* Begin PBXGroup section */
		574F6F032700F2340047233F = {
			isa = PBXGroup;
			children = (
				574F6F1F2700F2800047233F /* MultRepoTool.entitlements */,
				574F6F0E2700F2340047233F /* MultRepoTool */,
				574F6F0D2700F2340047233F /* Products */,
				574F6F8C2700F4E70047233F /* Frameworks */,
			);
			sourceTree = "<group>";
		};
		574F6F0D2700F2340047233F /* Products */ = {
			isa = PBXGroup;
			children = (
				574F6F0C2700F2340047233F /* MultRepoTool.app */,
			);
			name = Products;
			sourceTree = "<group>";
		};
		574F6F0E2700F2340047233F /* MultRepoTool */ = {
			isa = PBXGroup;
			children = (
				574F6F242700F2930047233F /* WorkFlow */,
				574F6F0F2700F2340047233F /* MultRepoToolApp.swift */,
				574F6F202700F2880047233F /* MultRepoToolConfig.swift */,
				574F6F222700F28D0047233F /* MainView.swift */,
				574F6F132700F2350047233F /* Assets.xcassets */,
				574F6F182700F2350047233F /* Info.plist */,
				574F6F192700F2350047233F /* MultRepoTool.entitlements */,
				574F6F152700F2350047233F /* Preview Content */,
			);
			path = MultRepoTool;
			sourceTree = "<group>";
		};
		574F6F152700F2350047233F /* Preview Content */ = {
			isa = PBXGroup;
			children = (
				574F6F162700F2350047233F /* Preview Assets.xcassets */,
			);
			path = "Preview Content";
			sourceTree = "<group>";
		};
		574F6F242700F2930047233F /* WorkFlow */ = {
			isa = PBXGroup;
			children = (
				574F6F8E2700F50E0047233F /* Git */,
				574F6F252700F2930047233F /* Spec */,
				574F6F282700F2930047233F /* StepUI */,
				574F6F2E2700F2940047233F /* RepoUI */,
			);
			path = WorkFlow;
			sourceTree = "<group>";
		};
		574F6F252700F2930047233F /* Spec */ = {
			isa = PBXGroup;
			children = (
				574F6F262700F2930047233F /* SpecScanner.swift */,
				574F6F272700F2930047233F /* Spec.swift */,
			);
			path = Spec;
			sourceTree = "<group>";
		};
		574F6F282700F2930047233F /* StepUI */ = {
			isa = PBXGroup;
			children = (
				574F6F292700F2930047233F /* StepRow */,
				574F6F2C2700F2930047233F /* StepView */,
			);
			path = StepUI;
			sourceTree = "<group>";
		};
		574F6F292700F2930047233F /* StepRow */ = {
			isa = PBXGroup;
			children = (
				574F6F2A2700F2930047233F /* StepNumberView.swift */,
				574F6F2B2700F2930047233F /* StepRow.swift */,
			);
			path = StepRow;
			sourceTree = "<group>";
		};
		574F6F2C2700F2930047233F /* StepView */ = {
			isa = PBXGroup;
			children = (
				574F6F2D2700F2940047233F /* StepView.swift */,
			);
			path = StepView;
			sourceTree = "<group>";
		};
		574F6F2E2700F2940047233F /* RepoUI */ = {
			isa = PBXGroup;
			children = (
				574F6F2F2700F2940047233F /* RepoRow.swift */,
				574F6F302700F2940047233F /* RepoView.swift */,
			);
			path = RepoUI;
			sourceTree = "<group>";
		};
		574F6F8C2700F4E70047233F /* Frameworks */ = {
			isa = PBXGroup;
			children = (
				57853C1827061EDD008F5D04 /* libiconv.tbd */,
				57853C1327061E1F008F5D04 /* ObjectiveGit.framework */,
				57853C12270618F3008F5D04 /* libz.tbd */,
			);
			name = Frameworks;
			sourceTree = "<group>";
		};
		574F6F8E2700F50E0047233F /* Git */ = {
			isa = PBXGroup;
			children = (
				57853C2127062351008F5D04 /* ObjectiveGit.framework */,
				57853BA727061214008F5D04 /* libgit2 */,
				577F21A527060489000A98E8 /* XIT */,
				574F6F8F2700F51B0047233F /* GitTool.swift */,
			);
			path = Git;
			sourceTree = "<group>";
		};
		577F21A527060489000A98E8 /* XIT */ = {
			isa = PBXGroup;
			children = (
				577F222E27060ADC000A98E8 /* Blame.swift */,
				577F221F27060ADB000A98E8 /* CLIRunner.swift */,
				577F223327060ADC000A98E8 /* ConfigWatcher.swift */,
				577F223727060ADC000A98E8 /* FileMonitor.swift */,
				577F223827060ADC000A98E8 /* GiRevWalk.swift */,
				577F224A27060ADC000A98E8 /* GitBlob.swift */,
				577F222927060ADB000A98E8 /* GitBranch.swift */,
				577F224D27060ADD000A98E8 /* GitBuffer.swift */,
				577F223027060ADC000A98E8 /* GitCloner.swift */,
				577F222727060ADB000A98E8 /* GitCommit.swift */,
				577F223427060ADC000A98E8 /* GitConfig.swift */,
				577F221E27060ADB000A98E8 /* GitDiff.swift */,
				577F222A27060ADB000A98E8 /* GitDiffDelta.swift */,
				577F223D27060ADC000A98E8 /* GitDiffHunk.swift */,
				577F224427060ADC000A98E8 /* GitEnums.h */,
				577F222827060ADB000A98E8 /* GitEnums.swift */,
				577F223127060ADC000A98E8 /* GitExtensions.swift */,
				577F224927060ADC000A98E8 /* GitIndex.swift */,
				577F222B27060ADB000A98E8 /* GitPatch.swift */,
				577F224E27060ADD000A98E8 /* GitReference.swift */,
				577F223227060ADC000A98E8 /* GitRefLog.swift */,
				577F222D27060ADB000A98E8 /* GitRefSpec.swift */,
				577F222027060ADB000A98E8 /* GitRemote.swift */,
				577F224327060ADC000A98E8 /* GitStash.swift */,
				577F223A27060ADC000A98E8 /* GitStatusList.swift */,
				577F223F27060ADC000A98E8 /* GitSubmodule.swift */,
				577F222527060ADB000A98E8 /* GitTag.swift */,
				577F225027060ADD000A98E8 /* GitTree.swift */,
				577F224C27060ADC000A98E8 /* GitVersionedOptions.swift */,
				577F224027060ADC000A98E8 /* GitWorkTree.swift */,
				577F224B27060ADC000A98E8 /* OID.swift */,
				577F223527060ADC000A98E8 /* PatchMaker.swift */,
				577F224727060ADC000A98E8 /* RefName.swift */,
				577F222127060ADB000A98E8 /* RefType.swift */,
				577F223C27060ADC000A98E8 /* RemoteProgressPublisher.swift */,
				577F224827060ADC000A98E8 /* RepoError.swift */,
				577F224527060ADC000A98E8 /* RepositoryController.swift */,
				577F222C27060ADB000A98E8 /* RepositoryProtocols.swift */,
				577F224227060ADC000A98E8 /* RepositoryWatcher.swift */,
				577F223627060ADC000A98E8 /* Signature.swift */,
				577F222F27060ADC000A98E8 /* TaskQueue.swift */,
				577F223E27060ADC000A98E8 /* TreeLoader.swift */,
				577F222627060ADB000A98E8 /* WorkspaceWatcher.swift */,
				57853C052706143D008F5D04 /* FileEventStream.swift */,
				577F223B27060ADC000A98E8 /* XTRepository.swift */,
				577F222227060ADB000A98E8 /* XTRepository+Commands.swift */,
				577F224627060ADC000A98E8 /* XTRepository+Commits.swift */,
				577F224F27060ADD000A98E8 /* XTRepository+Files.swift */,
				577F224127060ADC000A98E8 /* XTRepository+Iterators.swift */,
				577F221D27060ADB000A98E8 /* XTRepository+MergePushPull.swift */,
				577F222327060ADB000A98E8 /* XTRepository+Refs.swift */,
				577F222427060ADB000A98E8 /* XTRepository+Staging.swift */,
				577F228627060F3F000A98E8 /* MultRepoTool-Bridging-Header.h */,
				57853C01270613A5008F5D04 /* XitString.swift */,
				57853C0327061409008F5D04 /* Mutex.swift */,
				57853C07270614F2008F5D04 /* Cache.swift */,
				57853C092706155E008F5D04 /* PublisherGroup.swift */,
			);
			path = XIT;
			sourceTree = "<group>";
		};
		57853BA727061214008F5D04 /* libgit2 */ = {
			isa = PBXGroup;
			children = (
				57853BA827061214008F5D04 /* include */,
				57853BFF27061214008F5D04 /* libgit2.a */,
			);
			path = libgit2;
			sourceTree = "<group>";
		};
		57853BA827061214008F5D04 /* include */ = {
			isa = PBXGroup;
			children = (
				57853BA927061214008F5D04 /* git2.h */,
				57853BAA27061214008F5D04 /* git2 */,
			);
			path = include;
			sourceTree = "<group>";
		};
		57853BAA27061214008F5D04 /* git2 */ = {
			isa = PBXGroup;
			children = (
				57853BAB27061214008F5D04 /* signature.h */,
				57853BAC27061214008F5D04 /* oid.h */,
				57853BAD27061214008F5D04 /* index.h */,
				57853BAE27061214008F5D04 /* ignore.h */,
				57853BAF27061214008F5D04 /* inttypes.h */,
				57853BB027061214008F5D04 /* attr.h */,
				57853BB127061214008F5D04 /* blame.h */,
				57853BB227061214008F5D04 /* oidarray.h */,
				57853BB327061214008F5D04 /* pack.h */,
				57853BB427061214008F5D04 /* revert.h */,
				57853BB527061214008F5D04 /* version.h */,
				57853BB627061214008F5D04 /* odb.h */,
				57853BB727061214008F5D04 /* status.h */,
				57853BB827061214008F5D04 /* net.h */,
				57853BB927061214008F5D04 /* tag.h */,
				57853BBA27061214008F5D04 /* annotated_commit.h */,
				57853BBB27061214008F5D04 /* config.h */,
				57853BBC27061214008F5D04 /* branch.h */,
				57853BBD27061214008F5D04 /* types.h */,
				57853BBE27061214008F5D04 /* repository.h */,
				57853BBF27061214008F5D04 /* clone.h */,
				57853BC027061214008F5D04 /* global.h */,
				57853BC127061214008F5D04 /* blob.h */,
				57853BC227061214008F5D04 /* cherrypick.h */,
				57853BC327061214008F5D04 /* mailmap.h */,
				57853BC427061214008F5D04 /* submodule.h */,
				57853BC527061214008F5D04 /* errors.h */,
				57853BC627061214008F5D04 /* message.h */,
				57853BC727061214008F5D04 /* merge.h */,
				57853BC827061214008F5D04 /* pathspec.h */,
				57853BC927061214008F5D04 /* tree.h */,
				57853BCA27061214008F5D04 /* odb_backend.h */,
				57853BCB27061214008F5D04 /* graph.h */,
				57853BCC27061214008F5D04 /* describe.h */,
				57853BCD27061214008F5D04 /* rebase.h */,
				57853BCE27061214008F5D04 /* worktree.h */,
				57853BCF27061214008F5D04 /* stash.h */,
				57853BD027061214008F5D04 /* remote.h */,
				57853BD127061214008F5D04 /* strarray.h */,
				57853BD227061214008F5D04 /* reflog.h */,
				57853BD327061214008F5D04 /* cred_helpers.h */,
				57853BD427061214008F5D04 /* buffer.h */,
				57853BD527061214008F5D04 /* diff.h */,
				57853BD627061214008F5D04 /* sys */,
				57853BEA27061214008F5D04 /* trace.h */,
				57853BEB27061214008F5D04 /* common.h */,
				57853BEC27061214008F5D04 /* proxy.h */,
				57853BED27061214008F5D04 /* indexer.h */,
				57853BEE27061214008F5D04 /* refspec.h */,
				57853BEF27061214008F5D04 /* notes.h */,
				57853BF027061214008F5D04 /* deprecated.h */,
				57853BF127061214008F5D04 /* transport.h */,
				57853BF227061214008F5D04 /* revwalk.h */,
				57853BF327061214008F5D04 /* patch.h */,
				57853BF427061214008F5D04 /* object.h */,
				57853BF527061214008F5D04 /* checkout.h */,
				57853BF627061214008F5D04 /* apply.h */,
				57853BF727061214008F5D04 /* revparse.h */,
				57853BF827061214008F5D04 /* refs.h */,
				57853BF927061214008F5D04 /* reset.h */,
				57853BFA27061214008F5D04 /* filter.h */,
				57853BFB27061214008F5D04 /* transaction.h */,
				57853BFC27061214008F5D04 /* stdint.h */,
				57853BFD27061214008F5D04 /* commit.h */,
				57853BFE27061214008F5D04 /* refdb.h */,
			);
			path = git2;
			sourceTree = "<group>";
		};
		57853BD627061214008F5D04 /* sys */ = {
			isa = PBXGroup;
			children = (
				57853BD727061214008F5D04 /* time.h */,
				57853BD827061214008F5D04 /* index.h */,
				57853BD927061214008F5D04 /* config1.h */,
				57853BDA27061214008F5D04 /* path.h */,
				57853BDB27061214008F5D04 /* repository.h */,
				57853BDC27061214008F5D04 /* openssl.h */,
				57853BDD27061214008F5D04 /* merge.h */,
				57853BDE27061214008F5D04 /* stream.h */,
				57853BDF27061214008F5D04 /* odb_backend.h */,
				57853BE027061214008F5D04 /* reflog.h */,
				57853BE127061214008F5D04 /* diff.h */,
				57853BE227061214008F5D04 /* transport.h */,
				57853BE327061214008F5D04 /* hashsig.h */,
				57853BE427061214008F5D04 /* refs.h */,
				57853BE527061214008F5D04 /* filter.h */,
				57853BE627061214008F5D04 /* alloc.h */,
				57853BE727061214008F5D04 /* mempack.h */,
				57853BE827061214008F5D04 /* commit.h */,
				57853BE927061214008F5D04 /* refdb_backend.h */,
			);
			path = sys;
			sourceTree = "<group>";
		};
/* End PBXGroup section */

/* Begin PBXNativeTarget section */
		574F6F0B2700F2340047233F /* MultRepoTool */ = {
			isa = PBXNativeTarget;
			buildConfigurationList = 574F6F1C2700F2350047233F /* Build configuration list for PBXNativeTarget "MultRepoTool" */;
			buildPhases = (
				574F6F082700F2340047233F /* Sources */,
				574F6F092700F2340047233F /* Frameworks */,
				574F6F0A2700F2340047233F /* Resources */,
			);
			buildRules = (
			);
			dependencies = (
			);
			name = MultRepoTool;
			packageProductDependencies = (
			);
			productName = MultRepoTool;
			productReference = 574F6F0C2700F2340047233F /* MultRepoTool.app */;
			productType = "com.apple.product-type.application";
		};
/* End PBXNativeTarget section */

/* Begin PBXProject section */
		574F6F042700F2340047233F /* Project object */ = {
			isa = PBXProject;
			attributes = {
				LastSwiftUpdateCheck = 1250;
				LastUpgradeCheck = 1250;
				TargetAttributes = {
					574F6F0B2700F2340047233F = {
						CreatedOnToolsVersion = 12.5.1;
						LastSwiftMigration = 1250;
					};
				};
			};
			buildConfigurationList = 574F6F072700F2340047233F /* Build configuration list for PBXProject "MultRepoTool" */;
			compatibilityVersion = "Xcode 9.3";
			developmentRegion = en;
			hasScannedForEncodings = 0;
			knownRegions = (
				en,
				Base,
			);
			mainGroup = 574F6F032700F2340047233F;
			packageReferences = (
			);
			productRefGroup = 574F6F0D2700F2340047233F /* Products */;
			projectDirPath = "";
			projectRoot = "";
			targets = (
				574F6F0B2700F2340047233F /* MultRepoTool */,
			);
		};
/* End PBXProject section */

/* Begin PBXResourcesBuildPhase section */
		574F6F0A2700F2340047233F /* Resources */ = {
			isa = PBXResourcesBuildPhase;
			buildActionMask = 2147483647;
			files = (
				574F6F172700F2350047233F /* Preview Assets.xcassets in Resources */,
				574F6F142700F2350047233F /* Assets.xcassets in Resources */,
			);
			runOnlyForDeploymentPostprocessing = 0;
		};
/* End PBXResourcesBuildPhase section */

/* Begin PBXSourcesBuildPhase section */
		574F6F082700F2340047233F /* Sources */ = {
			isa = PBXSourcesBuildPhase;
			buildActionMask = 2147483647;
			files = (
				577F227527060ADD000A98E8 /* RepositoryWatcher.swift in Sources */,
				577F225327060ADD000A98E8 /* CLIRunner.swift in Sources */,
				574F6F352700F2940047233F /* StepView.swift in Sources */,
				577F227B27060ADD000A98E8 /* GitIndex.swift in Sources */,
				577F227427060ADD000A98E8 /* XTRepository+Iterators.swift in Sources */,
				577F228127060ADD000A98E8 /* XTRepository+Files.swift in Sources */,
				57853C08270614F2008F5D04 /* Cache.swift in Sources */,
				577F226527060ADD000A98E8 /* GitExtensions.swift in Sources */,
				574F6F362700F2940047233F /* RepoRow.swift in Sources */,
				57853C02270613A5008F5D04 /* XitString.swift in Sources */,
				577F225927060ADD000A98E8 /* GitTag.swift in Sources */,
				577F227027060ADD000A98E8 /* GitDiffHunk.swift in Sources */,
				577F225D27060ADD000A98E8 /* GitBranch.swift in Sources */,
				577F226727060ADD000A98E8 /* ConfigWatcher.swift in Sources */,
				577F225727060ADD000A98E8 /* XTRepository+Refs.swift in Sources */,
				577F227C27060ADD000A98E8 /* GitBlob.swift in Sources */,
				577F227327060ADD000A98E8 /* GitWorkTree.swift in Sources */,
				577F226E27060ADD000A98E8 /* XTRepository.swift in Sources */,
				577F226B27060ADD000A98E8 /* FileMonitor.swift in Sources */,
				577F226427060ADD000A98E8 /* GitCloner.swift in Sources */,
				574F6F102700F2340047233F /* MultRepoToolApp.swift in Sources */,
				574F6F332700F2940047233F /* StepNumberView.swift in Sources */,
				577F227A27060ADD000A98E8 /* RepoError.swift in Sources */,
				577F226027060ADD000A98E8 /* RepositoryProtocols.swift in Sources */,
				57853C0A2706155E008F5D04 /* PublisherGroup.swift in Sources */,
				574F6F372700F2940047233F /* RepoView.swift in Sources */,
				577F227E27060ADD000A98E8 /* GitVersionedOptions.swift in Sources */,
				577F225F27060ADD000A98E8 /* GitPatch.swift in Sources */,
				577F227827060ADD000A98E8 /* XTRepository+Commits.swift in Sources */,
				577F227D27060ADD000A98E8 /* OID.swift in Sources */,
				577F225427060ADD000A98E8 /* GitRemote.swift in Sources */,
				577F227127060ADD000A98E8 /* TreeLoader.swift in Sources */,
				57853C062706143D008F5D04 /* FileEventStream.swift in Sources */,
				577F225527060ADD000A98E8 /* RefType.swift in Sources */,
				574F6F312700F2940047233F /* SpecScanner.swift in Sources */,
				577F225227060ADD000A98E8 /* GitDiff.swift in Sources */,
				574F6F232700F28D0047233F /* MainView.swift in Sources */,
				574F6F902700F51B0047233F /* GitTool.swift in Sources */,
				577F227227060ADD000A98E8 /* GitSubmodule.swift in Sources */,
				577F225627060ADD000A98E8 /* XTRepository+Commands.swift in Sources */,
				577F226827060ADD000A98E8 /* GitConfig.swift in Sources */,
				577F226A27060ADD000A98E8 /* Signature.swift in Sources */,
				574F6F322700F2940047233F /* Spec.swift in Sources */,
				577F227F27060ADD000A98E8 /* GitBuffer.swift in Sources */,
				577F226927060ADD000A98E8 /* PatchMaker.swift in Sources */,
				577F226D27060ADD000A98E8 /* GitStatusList.swift in Sources */,
				574F6F342700F2940047233F /* StepRow.swift in Sources */,
				577F227727060ADD000A98E8 /* RepositoryController.swift in Sources */,
				577F226C27060ADD000A98E8 /* GiRevWalk.swift in Sources */,
				577F225B27060ADD000A98E8 /* GitCommit.swift in Sources */,
				577F226227060ADD000A98E8 /* Blame.swift in Sources */,
				577F228027060ADD000A98E8 /* GitReference.swift in Sources */,
				577F226327060ADD000A98E8 /* TaskQueue.swift in Sources */,
				577F225827060ADD000A98E8 /* XTRepository+Staging.swift in Sources */,
				577F227627060ADD000A98E8 /* GitStash.swift in Sources */,
				577F225C27060ADD000A98E8 /* GitEnums.swift in Sources */,
				57853C0427061409008F5D04 /* Mutex.swift in Sources */,
				577F225E27060ADD000A98E8 /* GitDiffDelta.swift in Sources */,
				577F225127060ADD000A98E8 /* XTRepository+MergePushPull.swift in Sources */,
				577F226F27060ADD000A98E8 /* RemoteProgressPublisher.swift in Sources */,
				574F6F212700F2880047233F /* MultRepoToolConfig.swift in Sources */,
				577F225A27060ADD000A98E8 /* WorkspaceWatcher.swift in Sources */,
				577F226627060ADD000A98E8 /* GitRefLog.swift in Sources */,
				577F227927060ADD000A98E8 /* RefName.swift in Sources */,
				577F228227060ADD000A98E8 /* GitTree.swift in Sources */,
				577F226127060ADD000A98E8 /* GitRefSpec.swift in Sources */,
			);
			runOnlyForDeploymentPostprocessing = 0;
		};
/* End PBXSourcesBuildPhase section */

/* Begin XCBuildConfiguration section */
		574F6F1A2700F2350047233F /* Debug */ = {
			isa = XCBuildConfiguration;
			buildSettings = {
				ALWAYS_SEARCH_USER_PATHS = NO;
				CLANG_ANALYZER_NONNULL = YES;
				CLANG_ANALYZER_NUMBER_OBJECT_CONVERSION = YES_AGGRESSIVE;
				CLANG_CXX_LANGUAGE_STANDARD = "gnu++14";
				CLANG_CXX_LIBRARY = "libc++";
				CLANG_ENABLE_MODULES = YES;
				CLANG_ENABLE_OBJC_ARC = YES;
				CLANG_ENABLE_OBJC_WEAK = YES;
				CLANG_WARN_BLOCK_CAPTURE_AUTORELEASING = YES;
				CLANG_WARN_BOOL_CONVERSION = YES;
				CLANG_WARN_COMMA = YES;
				CLANG_WARN_CONSTANT_CONVERSION = YES;
				CLANG_WARN_DEPRECATED_OBJC_IMPLEMENTATIONS = YES;
				CLANG_WARN_DIRECT_OBJC_ISA_USAGE = YES_ERROR;
				CLANG_WARN_DOCUMENTATION_COMMENTS = YES;
				CLANG_WARN_EMPTY_BODY = YES;
				CLANG_WARN_ENUM_CONVERSION = YES;
				CLANG_WARN_INFINITE_RECURSION = YES;
				CLANG_WARN_INT_CONVERSION = YES;
				CLANG_WARN_NON_LITERAL_NULL_CONVERSION = YES;
				CLANG_WARN_OBJC_IMPLICIT_RETAIN_SELF = YES;
				CLANG_WARN_OBJC_LITERAL_CONVERSION = YES;
				CLANG_WARN_OBJC_ROOT_CLASS = YES_ERROR;
				CLANG_WARN_QUOTED_INCLUDE_IN_FRAMEWORK_HEADER = YES;
				CLANG_WARN_RANGE_LOOP_ANALYSIS = YES;
				CLANG_WARN_STRICT_PROTOTYPES = YES;
				CLANG_WARN_SUSPICIOUS_MOVE = YES;
				CLANG_WARN_UNGUARDED_AVAILABILITY = YES_AGGRESSIVE;
				CLANG_WARN_UNREACHABLE_CODE = YES;
				CLANG_WARN__DUPLICATE_METHOD_MATCH = YES;
				COPY_PHASE_STRIP = NO;
				DEBUG_INFORMATION_FORMAT = dwarf;
				ENABLE_STRICT_OBJC_MSGSEND = YES;
				ENABLE_TESTABILITY = YES;
				GCC_C_LANGUAGE_STANDARD = gnu11;
				GCC_DYNAMIC_NO_PIC = NO;
				GCC_NO_COMMON_BLOCKS = YES;
				GCC_OPTIMIZATION_LEVEL = 0;
				GCC_PREPROCESSOR_DEFINITIONS = (
					"DEBUG=1",
					"$(inherited)",
				);
				GCC_WARN_64_TO_32_BIT_CONVERSION = YES;
				GCC_WARN_ABOUT_RETURN_TYPE = YES_ERROR;
				GCC_WARN_UNDECLARED_SELECTOR = YES;
				GCC_WARN_UNINITIALIZED_AUTOS = YES_AGGRESSIVE;
				GCC_WARN_UNUSED_FUNCTION = YES;
				GCC_WARN_UNUSED_VARIABLE = YES;
				MACOSX_DEPLOYMENT_TARGET = 11.3;
				MTL_ENABLE_DEBUG_INFO = INCLUDE_SOURCE;
				MTL_FAST_MATH = YES;
				ONLY_ACTIVE_ARCH = YES;
				SDKROOT = macosx;
				SWIFT_ACTIVE_COMPILATION_CONDITIONS = DEBUG;
				SWIFT_OPTIMIZATION_LEVEL = "-Onone";
			};
			name = Debug;
		};
		574F6F1B2700F2350047233F /* Release */ = {
			isa = XCBuildConfiguration;
			buildSettings = {
				ALWAYS_SEARCH_USER_PATHS = NO;
				CLANG_ANALYZER_NONNULL = YES;
				CLANG_ANALYZER_NUMBER_OBJECT_CONVERSION = YES_AGGRESSIVE;
				CLANG_CXX_LANGUAGE_STANDARD = "gnu++14";
				CLANG_CXX_LIBRARY = "libc++";
				CLANG_ENABLE_MODULES = YES;
				CLANG_ENABLE_OBJC_ARC = YES;
				CLANG_ENABLE_OBJC_WEAK = YES;
				CLANG_WARN_BLOCK_CAPTURE_AUTORELEASING = YES;
				CLANG_WARN_BOOL_CONVERSION = YES;
				CLANG_WARN_COMMA = YES;
				CLANG_WARN_CONSTANT_CONVERSION = YES;
				CLANG_WARN_DEPRECATED_OBJC_IMPLEMENTATIONS = YES;
				CLANG_WARN_DIRECT_OBJC_ISA_USAGE = YES_ERROR;
				CLANG_WARN_DOCUMENTATION_COMMENTS = YES;
				CLANG_WARN_EMPTY_BODY = YES;
				CLANG_WARN_ENUM_CONVERSION = YES;
				CLANG_WARN_INFINITE_RECURSION = YES;
				CLANG_WARN_INT_CONVERSION = YES;
				CLANG_WARN_NON_LITERAL_NULL_CONVERSION = YES;
				CLANG_WARN_OBJC_IMPLICIT_RETAIN_SELF = YES;
				CLANG_WARN_OBJC_LITERAL_CONVERSION = YES;
				CLANG_WARN_OBJC_ROOT_CLASS = YES_ERROR;
				CLANG_WARN_QUOTED_INCLUDE_IN_FRAMEWORK_HEADER = YES;
				CLANG_WARN_RANGE_LOOP_ANALYSIS = YES;
				CLANG_WARN_STRICT_PROTOTYPES = YES;
				CLANG_WARN_SUSPICIOUS_MOVE = YES;
				CLANG_WARN_UNGUARDED_AVAILABILITY = YES_AGGRESSIVE;
				CLANG_WARN_UNREACHABLE_CODE = YES;
				CLANG_WARN__DUPLICATE_METHOD_MATCH = YES;
				COPY_PHASE_STRIP = NO;
				DEBUG_INFORMATION_FORMAT = "dwarf-with-dsym";
				ENABLE_NS_ASSERTIONS = NO;
				ENABLE_STRICT_OBJC_MSGSEND = YES;
				GCC_C_LANGUAGE_STANDARD = gnu11;
				GCC_NO_COMMON_BLOCKS = YES;
				GCC_WARN_64_TO_32_BIT_CONVERSION = YES;
				GCC_WARN_ABOUT_RETURN_TYPE = YES_ERROR;
				GCC_WARN_UNDECLARED_SELECTOR = YES;
				GCC_WARN_UNINITIALIZED_AUTOS = YES_AGGRESSIVE;
				GCC_WARN_UNUSED_FUNCTION = YES;
				GCC_WARN_UNUSED_VARIABLE = YES;
				MACOSX_DEPLOYMENT_TARGET = 11.3;
				MTL_ENABLE_DEBUG_INFO = NO;
				MTL_FAST_MATH = YES;
				SDKROOT = macosx;
				SWIFT_COMPILATION_MODE = wholemodule;
				SWIFT_OPTIMIZATION_LEVEL = "-O";
			};
			name = Release;
		};
		574F6F1D2700F2350047233F /* Debug */ = {
			isa = XCBuildConfiguration;
			buildSettings = {
				ASSETCATALOG_COMPILER_APPICON_NAME = AppIcon;
				ASSETCATALOG_COMPILER_GLOBAL_ACCENT_COLOR_NAME = AccentColor;
				CLANG_ENABLE_MODULES = YES;
				CODE_SIGN_ENTITLEMENTS = MultRepoTool/MultRepoTool.entitlements;
				CODE_SIGN_STYLE = Automatic;
				COMBINE_HIDPI_IMAGES = YES;
				DEVELOPMENT_ASSET_PATHS = "\"MultRepoTool/Preview Content\"";
				DEVELOPMENT_TEAM = 56M98M5X7T;
				ENABLE_HARDENED_RUNTIME = YES;
				ENABLE_PREVIEWS = YES;
				FRAMEWORK_SEARCH_PATHS = (
					"$(inherited)",
					"$(PROJECT_DIR)/MultRepoTool/ThirdLib",
					"$(PROJECT_DIR)/MultRepoTool",
					"$(PROJECT_DIR)/MultRepoTool/WorkFlow/Git",
				);
				INFOPLIST_FILE = MultRepoTool/Info.plist;
				LD_RUNPATH_SEARCH_PATHS = (
					"$(inherited)",
					"@executable_path/../Frameworks",
				);
				LIBRARY_SEARCH_PATHS = (
					"$(inherited)",
					"$(PROJECT_DIR)/MultRepoTool/WorkFlow/Git/libgit2/build",
					"$(PROJECT_DIR)/MultRepoTool/WorkFlow/Git",
					"$(PROJECT_DIR)/MultRepoTool/WorkFlow/Git/libgit2",
				);
				MACOSX_DEPLOYMENT_TARGET = 11.0;
				PRODUCT_BUNDLE_IDENTIFIER = com.harofan.MultRepoTool;
				PRODUCT_NAME = "$(TARGET_NAME)";
				SWIFT_OBJC_BRIDGING_HEADER = "MultRepoTool/WorkFlow/Git/XIT/MultRepoTool-Bridging-Header.h";
				SWIFT_OPTIMIZATION_LEVEL = "-Onone";
				SWIFT_VERSION = 5.0;
			};
			name = Debug;
		};
		574F6F1E2700F2350047233F /* Release */ = {
			isa = XCBuildConfiguration;
			buildSettings = {
				ASSETCATALOG_COMPILER_APPICON_NAME = AppIcon;
				ASSETCATALOG_COMPILER_GLOBAL_ACCENT_COLOR_NAME = AccentColor;
				CLANG_ENABLE_MODULES = YES;
				CODE_SIGN_ENTITLEMENTS = MultRepoTool/MultRepoTool.entitlements;
				CODE_SIGN_STYLE = Automatic;
				COMBINE_HIDPI_IMAGES = YES;
				DEVELOPMENT_ASSET_PATHS = "\"MultRepoTool/Preview Content\"";
				DEVELOPMENT_TEAM = 56M98M5X7T;
				ENABLE_HARDENED_RUNTIME = YES;
				ENABLE_PREVIEWS = YES;
				FRAMEWORK_SEARCH_PATHS = (
					"$(inherited)",
					"$(PROJECT_DIR)/MultRepoTool/ThirdLib",
					"$(PROJECT_DIR)/MultRepoTool",
					"$(PROJECT_DIR)/MultRepoTool/WorkFlow/Git",
				);
				INFOPLIST_FILE = MultRepoTool/Info.plist;
				LD_RUNPATH_SEARCH_PATHS = (
					"$(inherited)",
					"@executable_path/../Frameworks",
				);
				LIBRARY_SEARCH_PATHS = (
					"$(inherited)",
					"$(PROJECT_DIR)/MultRepoTool/WorkFlow/Git/libgit2/build",
					"$(PROJECT_DIR)/MultRepoTool/WorkFlow/Git",
					"$(PROJECT_DIR)/MultRepoTool/WorkFlow/Git/libgit2",
				);
				MACOSX_DEPLOYMENT_TARGET = 11.0;
				PRODUCT_BUNDLE_IDENTIFIER = com.harofan.MultRepoTool;
				PRODUCT_NAME = "$(TARGET_NAME)";
				SWIFT_OBJC_BRIDGING_HEADER = "MultRepoTool/WorkFlow/Git/XIT/MultRepoTool-Bridging-Header.h";
				SWIFT_VERSION = 5.0;
			};
			name = Release;
		};
/* End XCBuildConfiguration section */

/* Begin XCConfigurationList section */
		574F6F072700F2340047233F /* Build configuration list for PBXProject "MultRepoTool" */ = {
			isa = XCConfigurationList;
			buildConfigurations = (
				574F6F1A2700F2350047233F /* Debug */,
				574F6F1B2700F2350047233F /* Release */,
			);
			defaultConfigurationIsVisible = 0;
			defaultConfigurationName = Release;
		};
		574F6F1C2700F2350047233F /* Build configuration list for PBXNativeTarget "MultRepoTool" */ = {
			isa = XCConfigurationList;
			buildConfigurations = (
				574F6F1D2700F2350047233F /* Debug */,
				574F6F1E2700F2350047233F /* Release */,
			);
			defaultConfigurationIsVisible = 0;
			defaultConfigurationName = Release;
		};
/* End XCConfigurationList section */
	};
	rootObject = 574F6F042700F2340047233F /* Project object */;
}
