PODS:
  - PodA (0.1.0)
  - PodB (0.1.0)

DEPENDENCIES:
  - PodA (from `../Source/PodA`)
  - PodB (from `../Source/PodB`)

EXTERNAL SOURCES:
  PodA:
    :path: "../Source/PodA"
  PodB:
    :path: "../Source/PodB"

SPEC CHECKSUMS:
  PodA: 0735150dcf05d8f689c90afc523a6701ae93a326
  PodB: c7a01afb135397e6e8e2079cc1721113477d1c4d

PODFILE CHECKSUM: ca6cd4ad4558aa3ff474b8ad14f843a70b943870

COCOAPODS: 1.10.0
